
Microsoft Visual Studio Solution File, Format Version 12.00
Project("{FAE04EC0-301F-11D3-BF4B-00C04F79EFBC}") = "Core", "..\..\..\src\Core\Core\Core.csproj", "{ED60FEFC-E5CA-4775-8E7D-6F9C10BD315E}"
EndProject
Project("{FAE04EC0-301F-11D3-BF4B-00C04F79EFBC}") = "Tickets", "Tickets\Tickets.csproj", "{F48D6AE8-49A5-4890-BA18-C0AEBD9A411C}"
EndProject
Project("{FAE04EC0-301F-11D3-BF4B-00C04F79EFBC}") = "Tickets.Api", "Tickets.Api\Tickets.Api.csproj", "{B550D4DB-33D5-4560-AE32-0773BB7BAAF8}"
EndProject
Project("{FAE04EC0-301F-11D3-BF4B-00C04F79EFBC}") = "Tickets.Api.Tests", "Tickets.Api.Tests\Tickets.Api.Tests.csproj", "{D5DD5829-AAF8-44DE-AAF2-BD9DE124A594}"
EndProject
Project("{FAE04EC0-301F-11D3-BF4B-00C04F79EFBC}") = "Tickets.Tests", "Tickets.Tests\Tickets.Tests.csproj", "{3349648E-E8EB-49C6-BDA0-D8E675F36B88}"
EndProject
Project("{FAE04EC0-301F-11D3-BF4B-00C04F79EFBC}") = "Marten", "..\..\..\src\Marten\Marten\Marten.csproj", "{1F51D1DF-843A-452D-9248-AFBE2BAB873F}"
EndProject
Project("{FAE04EC0-301F-11D3-BF4B-00C04F79EFBC}") = "WebApi", "..\..\..\src\WebApi\WebApi\WebApi.csproj", "{7504DA2A-A889-463C-A8DC-7CAF0926B979}"
EndProject
Project("{FAE04EC0-301F-11D3-BF4B-00C04F79EFBC}") = "Testing", "..\..\..\src\Testing\Testing\Testing.csproj", "{AEF2B475-C3AA-43D6-8F32-86C26F295893}"
EndProject
Global
	GlobalSection(SolutionConfigurationPlatforms) = preSolution
		Debug|Any CPU = Debug|Any CPU
		Release|Any CPU = Release|Any CPU
	EndGlobalSection
	GlobalSection(ProjectConfigurationPlatforms) = postSolution
		{ED60FEFC-E5CA-4775-8E7D-6F9C10BD315E}.Debug|Any CPU.ActiveCfg = Debug|Any CPU
		{ED60FEFC-E5CA-4775-8E7D-6F9C10BD315E}.Debug|Any CPU.Build.0 = Debug|Any CPU
		{ED60FEFC-E5CA-4775-8E7D-6F9C10BD315E}.Release|Any CPU.ActiveCfg = Release|Any CPU
		{ED60FEFC-E5CA-4775-8E7D-6F9C10BD315E}.Release|Any CPU.Build.0 = Release|Any CPU
		{F48D6AE8-49A5-4890-BA18-C0AEBD9A411C}.Debug|Any CPU.ActiveCfg = Debug|Any CPU
		{F48D6AE8-49A5-4890-BA18-C0AEBD9A411C}.Debug|Any CPU.Build.0 = Debug|Any CPU
		{F48D6AE8-49A5-4890-BA18-C0AEBD9A411C}.Release|Any CPU.ActiveCfg = Release|Any CPU
		{F48D6AE8-49A5-4890-BA18-C0AEBD9A411C}.Release|Any CPU.Build.0 = Release|Any CPU
		{B550D4DB-33D5-4560-AE32-0773BB7BAAF8}.Debug|Any CPU.ActiveCfg = Debug|Any CPU
		{B550D4DB-33D5-4560-AE32-0773BB7BAAF8}.Debug|Any CPU.Build.0 = Debug|Any CPU
		{B550D4DB-33D5-4560-AE32-0773BB7BAAF8}.Release|Any CPU.ActiveCfg = Release|Any CPU
		{B550D4DB-33D5-4560-AE32-0773BB7BAAF8}.Release|Any CPU.Build.0 = Release|Any CPU
		{D5DD5829-AAF8-44DE-AAF2-BD9DE124A594}.Debug|Any CPU.ActiveCfg = Debug|Any CPU
		{D5DD5829-AAF8-44DE-AAF2-BD9DE124A594}.Debug|Any CPU.Build.0 = Debug|Any CPU
		{D5DD5829-AAF8-44DE-AAF2-BD9DE124A594}.Release|Any CPU.ActiveCfg = Release|Any CPU
		{D5DD5829-AAF8-44DE-AAF2-BD9DE124A594}.Release|Any CPU.Build.0 = Release|Any CPU
		{3349648E-E8EB-49C6-BDA0-D8E675F36B88}.Debug|Any CPU.ActiveCfg = Debug|Any CPU
		{3349648E-E8EB-49C6-BDA0-D8E675F36B88}.Debug|Any CPU.Build.0 = Debug|Any CPU
		{3349648E-E8EB-49C6-BDA0-D8E675F36B88}.Release|Any CPU.ActiveCfg = Release|Any CPU
		{3349648E-E8EB-49C6-BDA0-D8E675F36B88}.Release|Any CPU.Build.0 = Release|Any CPU
		{1F51D1DF-843A-452D-9248-AFBE2BAB873F}.Debug|Any CPU.ActiveCfg = Debug|Any CPU
		{1F51D1DF-843A-452D-9248-AFBE2BAB873F}.Debug|Any CPU.Build.0 = Debug|Any CPU
		{1F51D1DF-843A-452D-9248-AFBE2BAB873F}.Release|Any CPU.ActiveCfg = Release|Any CPU
		{1F51D1DF-843A-452D-9248-AFBE2BAB873F}.Release|Any CPU.Build.0 = Release|Any CPU
		{7504DA2A-A889-463C-A8DC-7CAF0926B979}.Debug|Any CPU.ActiveCfg = Debug|Any CPU
		{7504DA2A-A889-463C-A8DC-7CAF0926B979}.Debug|Any CPU.Build.0 = Debug|Any CPU
		{7504DA2A-A889-463C-A8DC-7CAF0926B979}.Release|Any CPU.ActiveCfg = Release|Any CPU
		{7504DA2A-A889-463C-A8DC-7CAF0926B979}.Release|Any CPU.Build.0 = Release|Any CPU
		{AEF2B475-C3AA-43D6-8F32-86C26F295893}.Debug|Any CPU.ActiveCfg = Debug|Any CPU
		{AEF2B475-C3AA-43D6-8F32-86C26F295893}.Debug|Any CPU.Build.0 = Debug|Any CPU
		{AEF2B475-C3AA-43D6-8F32-86C26F295893}.Release|Any CPU.ActiveCfg = Release|Any CPU
		{AEF2B475-C3AA-43D6-8F32-86C26F295893}.Release|Any CPU.Build.0 = Release|Any CPU
	EndGlobalSection
EndGlobal
