
Microsoft Visual Studio Solution File, Format Version 12.00
# Visual Studio 2013
VisualStudioVersion = 12.0.40629.0
MinimumVisualStudioVersion = 10.0.40219.1
Project("{FAE04EC0-301F-11D3-BF4B-00C04F79EFBC}") = "GoldenEye.SPA.Web.Sample", "GoldenEye.SPA.Web.Sample\GoldenEye.SPA.Web.Sample.csproj", "{5CDD9540-DBCC-4E5E-B702-C2101E107B56}"
EndProject
Project("{FAE04EC0-301F-11D3-BF4B-00C04F79EFBC}") = "GoldenEye.SPA.Business.Sample", "GoldenEye.SPA.Business.Sample\GoldenEye.SPA.Business.Sample.csproj", "{B27CD4AA-EFE3-4A35-A036-522D5221463F}"
EndProject
Project("{FAE04EC0-301F-11D3-BF4B-00C04F79EFBC}") = "GoldenEye.SPA.Shared.Sample", "GoldenEye.SPA.Shared.Sample\GoldenEye.SPA.Shared.Sample.csproj", "{322ED1E4-8F1F-4B25-8063-4CA203BE53E7}"
EndProject
Global
	GlobalSection(SolutionConfigurationPlatforms) = preSolution
		Debug|Any CPU = Debug|Any CPU
		Release|Any CPU = Release|Any CPU
	EndGlobalSection
	GlobalSection(ProjectConfigurationPlatforms) = postSolution
		{5CDD9540-DBCC-4E5E-B702-C2101E107B56}.Debug|Any CPU.ActiveCfg = Debug|Any CPU
		{5CDD9540-DBCC-4E5E-B702-C2101E107B56}.Debug|Any CPU.Build.0 = Debug|Any CPU
		{5CDD9540-DBCC-4E5E-B702-C2101E107B56}.Release|Any CPU.ActiveCfg = Release|Any CPU
		{5CDD9540-DBCC-4E5E-B702-C2101E107B56}.Release|Any CPU.Build.0 = Release|Any CPU
		{B27CD4AA-EFE3-4A35-A036-522D5221463F}.Debug|Any CPU.ActiveCfg = Debug|Any CPU
		{B27CD4AA-EFE3-4A35-A036-522D5221463F}.Debug|Any CPU.Build.0 = Debug|Any CPU
		{B27CD4AA-EFE3-4A35-A036-522D5221463F}.Release|Any CPU.ActiveCfg = Release|Any CPU
		{B27CD4AA-EFE3-4A35-A036-522D5221463F}.Release|Any CPU.Build.0 = Release|Any CPU
		{322ED1E4-8F1F-4B25-8063-4CA203BE53E7}.Debug|Any CPU.ActiveCfg = Debug|Any CPU
		{322ED1E4-8F1F-4B25-8063-4CA203BE53E7}.Debug|Any CPU.Build.0 = Debug|Any CPU
		{322ED1E4-8F1F-4B25-8063-4CA203BE53E7}.Release|Any CPU.ActiveCfg = Release|Any CPU
		{322ED1E4-8F1F-4B25-8063-4CA203BE53E7}.Release|Any CPU.Build.0 = Release|Any CPU
	EndGlobalSection
	GlobalSection(SolutionProperties) = preSolution
		HideSolutionNode = FALSE
	EndGlobalSection
EndGlobal
