
Microsoft Visual Studio Solution File, Format Version 12.00
# Visual Studio 15
VisualStudioVersion = 15.0.27130.2003
MinimumVisualStudioVersion = 10.0.40219.1
Project("{2150E333-8FDC-42A3-9474-1A3956D46DE8}") = "Core", "Core", "{F4F82AA0-8F75-4A08-B420-5C5A3FC812C0}"
EndProject
Project("{2150E333-8FDC-42A3-9474-1A3956D46DE8}") = "Samples", "Samples", "{23C64FA6-FA22-4A73-8360-D81FD44E7AE1}"
EndProject
Project("{2150E333-8FDC-42A3-9474-1A3956D46DE8}") = "Docs", "Docs", "{0D72899E-6720-4B6C-BB9C-3971FCB0BE6B}"
	ProjectSection(SolutionItems) = preProject
		..\LICENSE.txt = ..\LICENSE.txt
		..\README.md = ..\README.md
	EndProjectSection
EndProject
Project("{2150E333-8FDC-42A3-9474-1A3956D46DE8}") = "DDD", "DDD", "{E7DF2D12-586C-4FC6-AD53-082A1B5DF85B}"
EndProject
Project("{2150E333-8FDC-42A3-9474-1A3956D46DE8}") = "Solution Items", "Solution Items", "{C32CA805-3C3D-42CE-9479-20B2E5EEBD86}"
	ProjectSection(SolutionItems) = preProject
		..\appveyor.yml = ..\appveyor.yml
		..\LICENSE.txt = ..\LICENSE.txt
		..\README.md = ..\README.md
		Directory.build.props = Directory.build.props
	EndProjectSection
EndProject
Project("{9A19103F-16F7-4668-BE54-9A1E7A4F7556}") = "GoldenEye.WebApi.Template.SimpleDDD", "Templates\SimpleDDD\content\GoldenEye.WebApi.Template.SimpleDDD.csproj", "{592DD3EB-823E-4941-808A-7A42928748BD}"
EndProject
Project("{2150E333-8FDC-42A3-9474-1A3956D46DE8}") = "Docker", "Docker", "{745EC139-4033-4F75-BC9C-64A417DC1229}"
	ProjectSection(SolutionItems) = preProject
		..\docker\docker-compose.yml = ..\docker\docker-compose.yml
	EndProjectSection
EndProject
Project("{2150E333-8FDC-42A3-9474-1A3956D46DE8}") = "postgres", "postgres", "{E9097CBA-BBAA-4E27-BA2E-1DF61CBFCB37}"
	ProjectSection(SolutionItems) = preProject
		..\docker\postgres\variables.env = ..\docker\postgres\variables.env
	EndProjectSection
EndProject
Project("{2150E333-8FDC-42A3-9474-1A3956D46DE8}") = "Templates", "Templates", "{2C2A047E-CDC5-41E8-82C1-BCC31F941B6A}"
EndProject
Project("{9A19103F-16F7-4668-BE54-9A1E7A4F7556}") = "WebApi.Template.SimpleDDD.IntegrationTests", "Templates\SimpleDDD\IntegrationTests\WebApi.Template.SimpleDDD.IntegrationTests.csproj", "{8E2E928B-E1D1-4AFA-AAE7-6586F9EC8170}"
EndProject
Project("{2150E333-8FDC-42A3-9474-1A3956D46DE8}") = "SimpleDDD", "SimpleDDD", "{54E79D60-4472-45EF-AA93-764C706453CC}"
	ProjectSection(SolutionItems) = preProject
		Templates\SimpleDDD\Templates.nuspec = Templates\SimpleDDD\Templates.nuspec
	EndProjectSection
EndProject
Project("{2150E333-8FDC-42A3-9474-1A3956D46DE8}") = "Dapper", "Dapper", "{E15E5EE4-FD58-4081-AA20-1B74C162D3E3}"
EndProject
Project("{2150E333-8FDC-42A3-9474-1A3956D46DE8}") = "EntityFramework", "EntityFramework", "{EEF8A840-7317-4F0D-AC5F-1ED1D9197E77}"
EndProject
Project("{2150E333-8FDC-42A3-9474-1A3956D46DE8}") = "Marten", "Marten", "{E0AF79D4-1480-4F8E-8361-625FD350498B}"
EndProject
Project("{2150E333-8FDC-42A3-9474-1A3956D46DE8}") = "WebApi", "WebApi", "{61870107-24D4-438B-B592-5A6868143AD0}"
EndProject
Project("{FAE04EC0-301F-11D3-BF4B-00C04F79EFBC}") = "Backend.DDD.Sample.Contracts", "..\samples\DDD\Backend.DDD.Sample.Contracts\Backend.DDD.Sample.Contracts.csproj", "{29F833FD-286F-4D18-97E1-37555E510410}"
EndProject
Project("{FAE04EC0-301F-11D3-BF4B-00C04F79EFBC}") = "Backend.DDD.Sample", "..\samples\DDD\Backend.DDD.Sample\Backend.DDD.Sample.csproj", "{0F5388FD-5FD3-4256-945F-3109BF387F47}"
EndProject
Project("{FAE04EC0-301F-11D3-BF4B-00C04F79EFBC}") = "Backend.DDD.WebApi.Sample", "..\samples\DDD\Backend.DDD.WebApi.Sample\Backend.DDD.WebApi.Sample.csproj", "{0AE2D00E-01A8-498A-8DB3-889468FEA4F4}"
EndProject
Project("{FAE04EC0-301F-11D3-BF4B-00C04F79EFBC}") = "Backend.DDD.Sample.IntegrationTests", "..\samples\DDD\Backend.DDD.Sample.IntegrationTests\Backend.DDD.Sample.IntegrationTests.csproj", "{728FF353-69D4-4C9A-B352-8EA77587AE6F}"
EndProject
Project("{FAE04EC0-301F-11D3-BF4B-00C04F79EFBC}") = "GoldenEye.WebApi.Sample", "..\samples\GoldenEye.WebApi.Sample\GoldenEye.WebApi.Sample.csproj", "{6ECBF01A-1389-4452-BF29-C4F3FB68CADC}"
EndProject
Project("{FAE04EC0-301F-11D3-BF4B-00C04F79EFBC}") = "Core", "Core\Core\Core.csproj", "{CD33583D-EB52-4D8A-8892-18FE4840CA06}"
EndProject
Project("{FAE04EC0-301F-11D3-BF4B-00C04F79EFBC}") = "Core.Tests", "Core\Core.Tests\Core.Tests.csproj", "{A84F8BA7-9E7D-4B49-B56B-F17B206B33B8}"
EndProject
Project("{FAE04EC0-301F-11D3-BF4B-00C04F79EFBC}") = "Dapper", "Dapper\Dapper\Dapper.csproj", "{232C4AA8-172D-43F3-AD53-04306D70C128}"
EndProject
Project("{FAE04EC0-301F-11D3-BF4B-00C04F79EFBC}") = "Dapper.Tests", "Dapper\Dapper.Tests\Dapper.Tests.csproj", "{70A0FDC0-26E5-4480-AE9C-96C9C424AEC8}"
EndProject
Project("{FAE04EC0-301F-11D3-BF4B-00C04F79EFBC}") = "Dapper.Integration.Tests", "Dapper\Dapper.Integration.Tests\Dapper.Integration.Tests.csproj", "{55AC76A5-1297-4529-8B29-5548EA581D22}"
EndProject
Project("{FAE04EC0-301F-11D3-BF4B-00C04F79EFBC}") = "EntityFramework", "EntityFramework\EntityFramework\EntityFramework.csproj", "{B4A3411E-A782-438B-80A6-C9C27D3EBB5C}"
EndProject
Project("{FAE04EC0-301F-11D3-BF4B-00C04F79EFBC}") = "EntityFramework.Integration.Tests", "EntityFramework\EntityFramework.Integration.Tests\EntityFramework.Integration.Tests.csproj", "{3BC7D26C-A024-4098-8FDE-CB44ADBFE5F8}"
EndProject
Project("{FAE04EC0-301F-11D3-BF4B-00C04F79EFBC}") = "Marten", "Marten\Marten\Marten.csproj", "{B3E236D1-E2D7-4ED9-A4EF-AAB99CFDB6B4}"
EndProject
Project("{FAE04EC0-301F-11D3-BF4B-00C04F79EFBC}") = "Marten.Integration.Tests", "Marten\Marten.Integration.Tests\Marten.Integration.Tests.csproj", "{A90D20A9-E4F9-4611-B42F-C9CDDC373987}"
EndProject
Project("{FAE04EC0-301F-11D3-BF4B-00C04F79EFBC}") = "WebApi", "WebApi\WebApi\WebApi.csproj", "{BCD19475-757D-41B1-8F5F-66F920B90EF4}"
EndProject
Project("{FAE04EC0-301F-11D3-BF4B-00C04F79EFBC}") = "WebApi.Tests", "WebApi\WebApi.Tests\WebApi.Tests.csproj", "{F4EFE25E-F3E4-4DFE-976B-E5D98D1A9B2B}"
EndProject
Project("{FAE04EC0-301F-11D3-BF4B-00C04F79EFBC}") = "Core.Tests.External", "Core\Core.Tests.External\Core.Tests.External.csproj", "{3ACD3DEB-A2DD-4690-A9F9-A34D86D76899}"
EndProject
Project("{2150E333-8FDC-42A3-9474-1A3956D46DE8}") = "Tickets", "Tickets", "{2C3AC12D-F52C-4D18-814E-D316F1150B7B}"
EndProject
Project("{FAE04EC0-301F-11D3-BF4B-00C04F79EFBC}") = "Tickets", "..\samples\DDD\Tickets\Tickets\Tickets.csproj", "{8A2E9D3B-CFE1-49AF-94C3-573AC7F10AF2}"
EndProject
Project("{FAE04EC0-301F-11D3-BF4B-00C04F79EFBC}") = "Tickets.Api", "..\samples\DDD\Tickets\Tickets.Api\Tickets.Api.csproj", "{6E1AC935-7394-40C1-A7CC-7815C8C47008}"
EndProject
Project("{FAE04EC0-301F-11D3-BF4B-00C04F79EFBC}") = "Tickets.Api.Tests", "..\samples\DDD\Tickets\Tickets.Api.Tests\Tickets.Api.Tests.csproj", "{964B37CC-CF8C-43CD-B732-FFB6ED80EBD1}"
EndProject
Project("{FAE04EC0-301F-11D3-BF4B-00C04F79EFBC}") = "Tickets.Tests", "..\samples\DDD\Tickets\Tickets.Tests\Tickets.Tests.csproj", "{653EFEE8-8D90-4DAF-A295-5D0FEAFF0A6A}"
EndProject
Project("{2150E333-8FDC-42A3-9474-1A3956D46DE8}") = "Testing", "Testing", "{FEED0F1A-4CBE-4A84-88DD-85654608F3EA}"
EndProject
Project("{FAE04EC0-301F-11D3-BF4B-00C04F79EFBC}") = "Testing", "Testing\Testing\Testing.csproj", "{1FEEE9A0-97B0-4091-8ECA-252CE4757ECE}"
EndProject
Project("{2150E333-8FDC-42A3-9474-1A3956D46DE8}") = "Kafka", "Kafka", "{FF5D0068-48FB-4923-9165-57C06D4987A1}"
EndProject
Project("{2150E333-8FDC-42A3-9474-1A3956D46DE8}") = "ElasticSearch", "ElasticSearch", "{5DAA950E-4C23-4179-92C2-776B67420D6B}"
EndProject
Project("{FAE04EC0-301F-11D3-BF4B-00C04F79EFBC}") = "Kafka", "Kafka\Kafka\Kafka.csproj", "{5CE18B00-1431-49E2-980F-230348BC5A3F}"
EndProject
Project("{FAE04EC0-301F-11D3-BF4B-00C04F79EFBC}") = "Kafka.Integration.Tests", "Kafka\Kafka.Integration.Tests\Kafka.Integration.Tests.csproj", "{452C07E7-54F8-42BE-A485-A670B9FA09A6}"
EndProject
Project("{FAE04EC0-301F-11D3-BF4B-00C04F79EFBC}") = "Kafka.Tests", "Kafka\Kafka.Tests\Kafka.Tests.csproj", "{00E5C8DA-99BE-4D30-BB83-511C656EA07F}"
EndProject
Project("{FAE04EC0-301F-11D3-BF4B-00C04F79EFBC}") = "ElasticSearch", "ElasticSearch\ElasticSearch\ElasticSearch.csproj", "{9F2FD56C-7F0A-4711-A546-1B36454705C6}"
EndProject
Project("{FAE04EC0-301F-11D3-BF4B-00C04F79EFBC}") = "ElasticSearch.Integration.Tests", "ElasticSearch\ElasticSearch.Integration.Tests\ElasticSearch.Integration.Tests.csproj", "{CAEC905D-E0A5-45E8-9068-EBA3E828EFB5}"
EndProject
Project("{FAE04EC0-301F-11D3-BF4B-00C04F79EFBC}") = "ElasticSearch.Tests", "ElasticSearch\ElasticSearch.Tests\ElasticSearch.Tests.csproj", "{4D0C8370-1EF8-4618-962F-24CE8AE4A603}"
EndProject
Global
	GlobalSection(SolutionConfigurationPlatforms) = preSolution
		Debug|Any CPU = Debug|Any CPU
		Release|Any CPU = Release|Any CPU
	EndGlobalSection
	GlobalSection(ProjectConfigurationPlatforms) = postSolution
		{592DD3EB-823E-4941-808A-7A42928748BD}.Debug|Any CPU.ActiveCfg = Debug|Any CPU
		{592DD3EB-823E-4941-808A-7A42928748BD}.Debug|Any CPU.Build.0 = Debug|Any CPU
		{592DD3EB-823E-4941-808A-7A42928748BD}.Release|Any CPU.ActiveCfg = Release|Any CPU
		{592DD3EB-823E-4941-808A-7A42928748BD}.Release|Any CPU.Build.0 = Release|Any CPU
		{8E2E928B-E1D1-4AFA-AAE7-6586F9EC8170}.Debug|Any CPU.ActiveCfg = Debug|Any CPU
		{8E2E928B-E1D1-4AFA-AAE7-6586F9EC8170}.Debug|Any CPU.Build.0 = Debug|Any CPU
		{8E2E928B-E1D1-4AFA-AAE7-6586F9EC8170}.Release|Any CPU.ActiveCfg = Release|Any CPU
		{8E2E928B-E1D1-4AFA-AAE7-6586F9EC8170}.Release|Any CPU.Build.0 = Release|Any CPU
		{29F833FD-286F-4D18-97E1-37555E510410}.Debug|Any CPU.ActiveCfg = Debug|Any CPU
		{29F833FD-286F-4D18-97E1-37555E510410}.Debug|Any CPU.Build.0 = Debug|Any CPU
		{29F833FD-286F-4D18-97E1-37555E510410}.Release|Any CPU.ActiveCfg = Release|Any CPU
		{29F833FD-286F-4D18-97E1-37555E510410}.Release|Any CPU.Build.0 = Release|Any CPU
		{0F5388FD-5FD3-4256-945F-3109BF387F47}.Debug|Any CPU.ActiveCfg = Debug|Any CPU
		{0F5388FD-5FD3-4256-945F-3109BF387F47}.Debug|Any CPU.Build.0 = Debug|Any CPU
		{0F5388FD-5FD3-4256-945F-3109BF387F47}.Release|Any CPU.ActiveCfg = Release|Any CPU
		{0F5388FD-5FD3-4256-945F-3109BF387F47}.Release|Any CPU.Build.0 = Release|Any CPU
		{0AE2D00E-01A8-498A-8DB3-889468FEA4F4}.Debug|Any CPU.ActiveCfg = Debug|Any CPU
		{0AE2D00E-01A8-498A-8DB3-889468FEA4F4}.Debug|Any CPU.Build.0 = Debug|Any CPU
		{0AE2D00E-01A8-498A-8DB3-889468FEA4F4}.Release|Any CPU.ActiveCfg = Release|Any CPU
		{0AE2D00E-01A8-498A-8DB3-889468FEA4F4}.Release|Any CPU.Build.0 = Release|Any CPU
		{728FF353-69D4-4C9A-B352-8EA77587AE6F}.Debug|Any CPU.ActiveCfg = Debug|Any CPU
		{728FF353-69D4-4C9A-B352-8EA77587AE6F}.Debug|Any CPU.Build.0 = Debug|Any CPU
		{728FF353-69D4-4C9A-B352-8EA77587AE6F}.Release|Any CPU.ActiveCfg = Release|Any CPU
		{728FF353-69D4-4C9A-B352-8EA77587AE6F}.Release|Any CPU.Build.0 = Release|Any CPU
		{6ECBF01A-1389-4452-BF29-C4F3FB68CADC}.Debug|Any CPU.ActiveCfg = Debug|Any CPU
		{6ECBF01A-1389-4452-BF29-C4F3FB68CADC}.Debug|Any CPU.Build.0 = Debug|Any CPU
		{6ECBF01A-1389-4452-BF29-C4F3FB68CADC}.Release|Any CPU.ActiveCfg = Release|Any CPU
		{6ECBF01A-1389-4452-BF29-C4F3FB68CADC}.Release|Any CPU.Build.0 = Release|Any CPU
		{CD33583D-EB52-4D8A-8892-18FE4840CA06}.Debug|Any CPU.ActiveCfg = Debug|Any CPU
		{CD33583D-EB52-4D8A-8892-18FE4840CA06}.Debug|Any CPU.Build.0 = Debug|Any CPU
		{CD33583D-EB52-4D8A-8892-18FE4840CA06}.Release|Any CPU.ActiveCfg = Release|Any CPU
		{CD33583D-EB52-4D8A-8892-18FE4840CA06}.Release|Any CPU.Build.0 = Release|Any CPU
		{A84F8BA7-9E7D-4B49-B56B-F17B206B33B8}.Debug|Any CPU.ActiveCfg = Debug|Any CPU
		{A84F8BA7-9E7D-4B49-B56B-F17B206B33B8}.Debug|Any CPU.Build.0 = Debug|Any CPU
		{A84F8BA7-9E7D-4B49-B56B-F17B206B33B8}.Release|Any CPU.ActiveCfg = Release|Any CPU
		{A84F8BA7-9E7D-4B49-B56B-F17B206B33B8}.Release|Any CPU.Build.0 = Release|Any CPU
		{232C4AA8-172D-43F3-AD53-04306D70C128}.Debug|Any CPU.ActiveCfg = Debug|Any CPU
		{232C4AA8-172D-43F3-AD53-04306D70C128}.Debug|Any CPU.Build.0 = Debug|Any CPU
		{232C4AA8-172D-43F3-AD53-04306D70C128}.Release|Any CPU.ActiveCfg = Release|Any CPU
		{232C4AA8-172D-43F3-AD53-04306D70C128}.Release|Any CPU.Build.0 = Release|Any CPU
		{70A0FDC0-26E5-4480-AE9C-96C9C424AEC8}.Debug|Any CPU.ActiveCfg = Debug|Any CPU
		{70A0FDC0-26E5-4480-AE9C-96C9C424AEC8}.Debug|Any CPU.Build.0 = Debug|Any CPU
		{70A0FDC0-26E5-4480-AE9C-96C9C424AEC8}.Release|Any CPU.ActiveCfg = Release|Any CPU
		{70A0FDC0-26E5-4480-AE9C-96C9C424AEC8}.Release|Any CPU.Build.0 = Release|Any CPU
		{55AC76A5-1297-4529-8B29-5548EA581D22}.Debug|Any CPU.ActiveCfg = Debug|Any CPU
		{55AC76A5-1297-4529-8B29-5548EA581D22}.Debug|Any CPU.Build.0 = Debug|Any CPU
		{55AC76A5-1297-4529-8B29-5548EA581D22}.Release|Any CPU.ActiveCfg = Release|Any CPU
		{55AC76A5-1297-4529-8B29-5548EA581D22}.Release|Any CPU.Build.0 = Release|Any CPU
		{B4A3411E-A782-438B-80A6-C9C27D3EBB5C}.Debug|Any CPU.ActiveCfg = Debug|Any CPU
		{B4A3411E-A782-438B-80A6-C9C27D3EBB5C}.Debug|Any CPU.Build.0 = Debug|Any CPU
		{B4A3411E-A782-438B-80A6-C9C27D3EBB5C}.Release|Any CPU.ActiveCfg = Release|Any CPU
		{B4A3411E-A782-438B-80A6-C9C27D3EBB5C}.Release|Any CPU.Build.0 = Release|Any CPU
		{3BC7D26C-A024-4098-8FDE-CB44ADBFE5F8}.Debug|Any CPU.ActiveCfg = Debug|Any CPU
		{3BC7D26C-A024-4098-8FDE-CB44ADBFE5F8}.Debug|Any CPU.Build.0 = Debug|Any CPU
		{3BC7D26C-A024-4098-8FDE-CB44ADBFE5F8}.Release|Any CPU.ActiveCfg = Release|Any CPU
		{3BC7D26C-A024-4098-8FDE-CB44ADBFE5F8}.Release|Any CPU.Build.0 = Release|Any CPU
		{B3E236D1-E2D7-4ED9-A4EF-AAB99CFDB6B4}.Debug|Any CPU.ActiveCfg = Debug|Any CPU
		{B3E236D1-E2D7-4ED9-A4EF-AAB99CFDB6B4}.Debug|Any CPU.Build.0 = Debug|Any CPU
		{B3E236D1-E2D7-4ED9-A4EF-AAB99CFDB6B4}.Release|Any CPU.ActiveCfg = Release|Any CPU
		{B3E236D1-E2D7-4ED9-A4EF-AAB99CFDB6B4}.Release|Any CPU.Build.0 = Release|Any CPU
		{A90D20A9-E4F9-4611-B42F-C9CDDC373987}.Debug|Any CPU.ActiveCfg = Debug|Any CPU
		{A90D20A9-E4F9-4611-B42F-C9CDDC373987}.Debug|Any CPU.Build.0 = Debug|Any CPU
		{A90D20A9-E4F9-4611-B42F-C9CDDC373987}.Release|Any CPU.ActiveCfg = Release|Any CPU
		{A90D20A9-E4F9-4611-B42F-C9CDDC373987}.Release|Any CPU.Build.0 = Release|Any CPU
		{BCD19475-757D-41B1-8F5F-66F920B90EF4}.Debug|Any CPU.ActiveCfg = Debug|Any CPU
		{BCD19475-757D-41B1-8F5F-66F920B90EF4}.Debug|Any CPU.Build.0 = Debug|Any CPU
		{BCD19475-757D-41B1-8F5F-66F920B90EF4}.Release|Any CPU.ActiveCfg = Release|Any CPU
		{BCD19475-757D-41B1-8F5F-66F920B90EF4}.Release|Any CPU.Build.0 = Release|Any CPU
		{F4EFE25E-F3E4-4DFE-976B-E5D98D1A9B2B}.Debug|Any CPU.ActiveCfg = Debug|Any CPU
		{F4EFE25E-F3E4-4DFE-976B-E5D98D1A9B2B}.Debug|Any CPU.Build.0 = Debug|Any CPU
		{F4EFE25E-F3E4-4DFE-976B-E5D98D1A9B2B}.Release|Any CPU.ActiveCfg = Release|Any CPU
		{F4EFE25E-F3E4-4DFE-976B-E5D98D1A9B2B}.Release|Any CPU.Build.0 = Release|Any CPU
		{3ACD3DEB-A2DD-4690-A9F9-A34D86D76899}.Debug|Any CPU.ActiveCfg = Debug|Any CPU
		{3ACD3DEB-A2DD-4690-A9F9-A34D86D76899}.Debug|Any CPU.Build.0 = Debug|Any CPU
		{3ACD3DEB-A2DD-4690-A9F9-A34D86D76899}.Release|Any CPU.ActiveCfg = Release|Any CPU
		{3ACD3DEB-A2DD-4690-A9F9-A34D86D76899}.Release|Any CPU.Build.0 = Release|Any CPU
		{8A2E9D3B-CFE1-49AF-94C3-573AC7F10AF2}.Debug|Any CPU.ActiveCfg = Debug|Any CPU
		{8A2E9D3B-CFE1-49AF-94C3-573AC7F10AF2}.Debug|Any CPU.Build.0 = Debug|Any CPU
		{8A2E9D3B-CFE1-49AF-94C3-573AC7F10AF2}.Release|Any CPU.ActiveCfg = Release|Any CPU
		{8A2E9D3B-CFE1-49AF-94C3-573AC7F10AF2}.Release|Any CPU.Build.0 = Release|Any CPU
		{6E1AC935-7394-40C1-A7CC-7815C8C47008}.Debug|Any CPU.ActiveCfg = Debug|Any CPU
		{6E1AC935-7394-40C1-A7CC-7815C8C47008}.Debug|Any CPU.Build.0 = Debug|Any CPU
		{6E1AC935-7394-40C1-A7CC-7815C8C47008}.Release|Any CPU.ActiveCfg = Release|Any CPU
		{6E1AC935-7394-40C1-A7CC-7815C8C47008}.Release|Any CPU.Build.0 = Release|Any CPU
		{964B37CC-CF8C-43CD-B732-FFB6ED80EBD1}.Debug|Any CPU.ActiveCfg = Debug|Any CPU
		{964B37CC-CF8C-43CD-B732-FFB6ED80EBD1}.Debug|Any CPU.Build.0 = Debug|Any CPU
		{964B37CC-CF8C-43CD-B732-FFB6ED80EBD1}.Release|Any CPU.ActiveCfg = Release|Any CPU
		{964B37CC-CF8C-43CD-B732-FFB6ED80EBD1}.Release|Any CPU.Build.0 = Release|Any CPU
		{653EFEE8-8D90-4DAF-A295-5D0FEAFF0A6A}.Debug|Any CPU.ActiveCfg = Debug|Any CPU
		{653EFEE8-8D90-4DAF-A295-5D0FEAFF0A6A}.Debug|Any CPU.Build.0 = Debug|Any CPU
		{653EFEE8-8D90-4DAF-A295-5D0FEAFF0A6A}.Release|Any CPU.ActiveCfg = Release|Any CPU
		{653EFEE8-8D90-4DAF-A295-5D0FEAFF0A6A}.Release|Any CPU.Build.0 = Release|Any CPU
		{1FEEE9A0-97B0-4091-8ECA-252CE4757ECE}.Debug|Any CPU.ActiveCfg = Debug|Any CPU
		{1FEEE9A0-97B0-4091-8ECA-252CE4757ECE}.Debug|Any CPU.Build.0 = Debug|Any CPU
		{1FEEE9A0-97B0-4091-8ECA-252CE4757ECE}.Release|Any CPU.ActiveCfg = Release|Any CPU
		{1FEEE9A0-97B0-4091-8ECA-252CE4757ECE}.Release|Any CPU.Build.0 = Release|Any CPU
		{5CE18B00-1431-49E2-980F-230348BC5A3F}.Debug|Any CPU.ActiveCfg = Debug|Any CPU
		{5CE18B00-1431-49E2-980F-230348BC5A3F}.Debug|Any CPU.Build.0 = Debug|Any CPU
		{5CE18B00-1431-49E2-980F-230348BC5A3F}.Release|Any CPU.ActiveCfg = Release|Any CPU
		{5CE18B00-1431-49E2-980F-230348BC5A3F}.Release|Any CPU.Build.0 = Release|Any CPU
		{452C07E7-54F8-42BE-A485-A670B9FA09A6}.Debug|Any CPU.ActiveCfg = Debug|Any CPU
		{452C07E7-54F8-42BE-A485-A670B9FA09A6}.Debug|Any CPU.Build.0 = Debug|Any CPU
		{452C07E7-54F8-42BE-A485-A670B9FA09A6}.Release|Any CPU.ActiveCfg = Release|Any CPU
		{452C07E7-54F8-42BE-A485-A670B9FA09A6}.Release|Any CPU.Build.0 = Release|Any CPU
		{00E5C8DA-99BE-4D30-BB83-511C656EA07F}.Debug|Any CPU.ActiveCfg = Debug|Any CPU
		{00E5C8DA-99BE-4D30-BB83-511C656EA07F}.Debug|Any CPU.Build.0 = Debug|Any CPU
		{00E5C8DA-99BE-4D30-BB83-511C656EA07F}.Release|Any CPU.ActiveCfg = Release|Any CPU
		{00E5C8DA-99BE-4D30-BB83-511C656EA07F}.Release|Any CPU.Build.0 = Release|Any CPU
		{9F2FD56C-7F0A-4711-A546-1B36454705C6}.Debug|Any CPU.ActiveCfg = Debug|Any CPU
		{9F2FD56C-7F0A-4711-A546-1B36454705C6}.Debug|Any CPU.Build.0 = Debug|Any CPU
		{9F2FD56C-7F0A-4711-A546-1B36454705C6}.Release|Any CPU.ActiveCfg = Release|Any CPU
		{9F2FD56C-7F0A-4711-A546-1B36454705C6}.Release|Any CPU.Build.0 = Release|Any CPU
		{CAEC905D-E0A5-45E8-9068-EBA3E828EFB5}.Debug|Any CPU.ActiveCfg = Debug|Any CPU
		{CAEC905D-E0A5-45E8-9068-EBA3E828EFB5}.Debug|Any CPU.Build.0 = Debug|Any CPU
		{CAEC905D-E0A5-45E8-9068-EBA3E828EFB5}.Release|Any CPU.ActiveCfg = Release|Any CPU
		{CAEC905D-E0A5-45E8-9068-EBA3E828EFB5}.Release|Any CPU.Build.0 = Release|Any CPU
		{4D0C8370-1EF8-4618-962F-24CE8AE4A603}.Debug|Any CPU.ActiveCfg = Debug|Any CPU
		{4D0C8370-1EF8-4618-962F-24CE8AE4A603}.Debug|Any CPU.Build.0 = Debug|Any CPU
		{4D0C8370-1EF8-4618-962F-24CE8AE4A603}.Release|Any CPU.ActiveCfg = Release|Any CPU
		{4D0C8370-1EF8-4618-962F-24CE8AE4A603}.Release|Any CPU.Build.0 = Release|Any CPU
	EndGlobalSection
	GlobalSection(SolutionProperties) = preSolution
		HideSolutionNode = FALSE
	EndGlobalSection
	GlobalSection(NestedProjects) = preSolution
		{E7DF2D12-586C-4FC6-AD53-082A1B5DF85B} = {23C64FA6-FA22-4A73-8360-D81FD44E7AE1}
		{592DD3EB-823E-4941-808A-7A42928748BD} = {54E79D60-4472-45EF-AA93-764C706453CC}
		{E9097CBA-BBAA-4E27-BA2E-1DF61CBFCB37} = {745EC139-4033-4F75-BC9C-64A417DC1229}
		{8E2E928B-E1D1-4AFA-AAE7-6586F9EC8170} = {54E79D60-4472-45EF-AA93-764C706453CC}
		{54E79D60-4472-45EF-AA93-764C706453CC} = {2C2A047E-CDC5-41E8-82C1-BCC31F941B6A}
		{29F833FD-286F-4D18-97E1-37555E510410} = {E7DF2D12-586C-4FC6-AD53-082A1B5DF85B}
		{0F5388FD-5FD3-4256-945F-3109BF387F47} = {E7DF2D12-586C-4FC6-AD53-082A1B5DF85B}
		{0AE2D00E-01A8-498A-8DB3-889468FEA4F4} = {E7DF2D12-586C-4FC6-AD53-082A1B5DF85B}
		{728FF353-69D4-4C9A-B352-8EA77587AE6F} = {E7DF2D12-586C-4FC6-AD53-082A1B5DF85B}
		{6ECBF01A-1389-4452-BF29-C4F3FB68CADC} = {23C64FA6-FA22-4A73-8360-D81FD44E7AE1}
		{CD33583D-EB52-4D8A-8892-18FE4840CA06} = {F4F82AA0-8F75-4A08-B420-5C5A3FC812C0}
		{A84F8BA7-9E7D-4B49-B56B-F17B206B33B8} = {F4F82AA0-8F75-4A08-B420-5C5A3FC812C0}
		{232C4AA8-172D-43F3-AD53-04306D70C128} = {E15E5EE4-FD58-4081-AA20-1B74C162D3E3}
		{70A0FDC0-26E5-4480-AE9C-96C9C424AEC8} = {E15E5EE4-FD58-4081-AA20-1B74C162D3E3}
		{55AC76A5-1297-4529-8B29-5548EA581D22} = {E15E5EE4-FD58-4081-AA20-1B74C162D3E3}
		{B4A3411E-A782-438B-80A6-C9C27D3EBB5C} = {EEF8A840-7317-4F0D-AC5F-1ED1D9197E77}
		{3BC7D26C-A024-4098-8FDE-CB44ADBFE5F8} = {EEF8A840-7317-4F0D-AC5F-1ED1D9197E77}
		{B3E236D1-E2D7-4ED9-A4EF-AAB99CFDB6B4} = {E0AF79D4-1480-4F8E-8361-625FD350498B}
		{A90D20A9-E4F9-4611-B42F-C9CDDC373987} = {E0AF79D4-1480-4F8E-8361-625FD350498B}
		{BCD19475-757D-41B1-8F5F-66F920B90EF4} = {61870107-24D4-438B-B592-5A6868143AD0}
		{F4EFE25E-F3E4-4DFE-976B-E5D98D1A9B2B} = {61870107-24D4-438B-B592-5A6868143AD0}
		{3ACD3DEB-A2DD-4690-A9F9-A34D86D76899} = {F4F82AA0-8F75-4A08-B420-5C5A3FC812C0}
		{2C3AC12D-F52C-4D18-814E-D316F1150B7B} = {E7DF2D12-586C-4FC6-AD53-082A1B5DF85B}
		{8A2E9D3B-CFE1-49AF-94C3-573AC7F10AF2} = {2C3AC12D-F52C-4D18-814E-D316F1150B7B}
		{6E1AC935-7394-40C1-A7CC-7815C8C47008} = {2C3AC12D-F52C-4D18-814E-D316F1150B7B}
		{964B37CC-CF8C-43CD-B732-FFB6ED80EBD1} = {2C3AC12D-F52C-4D18-814E-D316F1150B7B}
		{653EFEE8-8D90-4DAF-A295-5D0FEAFF0A6A} = {2C3AC12D-F52C-4D18-814E-D316F1150B7B}
		{1FEEE9A0-97B0-4091-8ECA-252CE4757ECE} = {FEED0F1A-4CBE-4A84-88DD-85654608F3EA}
		{5CE18B00-1431-49E2-980F-230348BC5A3F} = {FF5D0068-48FB-4923-9165-57C06D4987A1}
		{452C07E7-54F8-42BE-A485-A670B9FA09A6} = {FF5D0068-48FB-4923-9165-57C06D4987A1}
		{00E5C8DA-99BE-4D30-BB83-511C656EA07F} = {FF5D0068-48FB-4923-9165-57C06D4987A1}
		{9F2FD56C-7F0A-4711-A546-1B36454705C6} = {5DAA950E-4C23-4179-92C2-776B67420D6B}
		{CAEC905D-E0A5-45E8-9068-EBA3E828EFB5} = {5DAA950E-4C23-4179-92C2-776B67420D6B}
		{4D0C8370-1EF8-4618-962F-24CE8AE4A603} = {5DAA950E-4C23-4179-92C2-776B67420D6B}
	EndGlobalSection
	GlobalSection(ExtensibilityGlobals) = postSolution
		SolutionGuid = {8F5394A0-8892-4A22-B6A0-7BBC209FF191}
	EndGlobalSection
EndGlobal
