
Microsoft Visual Studio Solution File, Format Version 12.00
# Visual Studio 15
VisualStudioVersion = 15.0.27130.2003
MinimumVisualStudioVersion = 10.0.40219.1
Project("{2150E333-8FDC-42A3-9474-1A3956D46DE8}") = "Core", "Core", "{F4F82AA0-8F75-4A08-B420-5C5A3FC812C0}"
EndProject
Project("{9A19103F-16F7-4668-BE54-9A1E7A4F7556}") = "Shared.Core", "Core\Shared.Core\Shared.Core.csproj", "{1128E2BD-E6C9-4836-A92A-7F8F39B949E4}"
EndProject
Project("{9A19103F-16F7-4668-BE54-9A1E7A4F7556}") = "Shared.Core.Validation", "Core\Shared.Core.Validation\Shared.Core.Validation.csproj", "{4996E926-2E09-4D65-B34D-40D57D12B18C}"
EndProject
Project("{9A19103F-16F7-4668-BE54-9A1E7A4F7556}") = "Backend.Core", "Core\Backend.Core\Backend.Core.csproj", "{78662F89-BADC-41DE-95C8-01BE5F0F021F}"
EndProject
Project("{9A19103F-16F7-4668-BE54-9A1E7A4F7556}") = "Backend.Core.EntityFramework", "Core\Backend.Core.EntityFramework\Backend.Core.EntityFramework.csproj", "{A6112743-8DFE-4165-A5D0-B52408746BC0}"
EndProject
Project("{9A19103F-16F7-4668-BE54-9A1E7A4F7556}") = "Backend.Core.WebApi", "Core\Backend.Core.WebApi\Backend.Core.WebApi.csproj", "{BFB12194-60DC-42C4-838B-A35EB96C9096}"
EndProject
Project("{9A19103F-16F7-4668-BE54-9A1E7A4F7556}") = "GoldenEye.WebApi.Sample", "Sample\GoldenEye.WebApi.Sample\GoldenEye.WebApi.Sample.csproj", "{B79B8C39-1A30-4E2B-A8D3-A2DC24A8665D}"
EndProject
Project("{2150E333-8FDC-42A3-9474-1A3956D46DE8}") = "Sample", "Sample", "{23C64FA6-FA22-4A73-8360-D81FD44E7AE1}"
EndProject
Project("{9A19103F-16F7-4668-BE54-9A1E7A4F7556}") = "Backend.Core.DDD", "Core\Backend.Core.DDD\Backend.Core.DDD.csproj", "{F20BF631-413A-4C82-A216-DD7DC193F1A4}"
EndProject
Project("{9A19103F-16F7-4668-BE54-9A1E7A4F7556}") = "Backend.Core.Marten", "Core\Backend.Core.Marten\Backend.Core.Marten.csproj", "{1D12A3C0-87BB-4FE8-9960-6ECC6C22D4FD}"
EndProject
Project("{9A19103F-16F7-4668-BE54-9A1E7A4F7556}") = "Backend.Core.DDD.Tests", "Core\Backend.Core.DDD.Tests\Backend.Core.DDD.Tests.csproj", "{8D93BBF0-0E31-4439-9BB4-71638BF15E90}"
EndProject
Project("{9A19103F-16F7-4668-BE54-9A1E7A4F7556}") = "Backend.Core.Marten.Tests", "Core\Backend.Core.Marten.Tests\Backend.Core.Marten.Tests.csproj", "{E84F8675-830E-4C03-AA07-C6676D0043C2}"
EndProject
Project("{2150E333-8FDC-42A3-9474-1A3956D46DE8}") = "Security", "Security", "{D5E346A7-76FC-4042-B202-A6694521C363}"
EndProject
Project("{9A19103F-16F7-4668-BE54-9A1E7A4F7556}") = "Backend.Identity", "Security\Backend.Identity\Backend.Identity.csproj", "{AD604C77-F9EA-465B-A2AE-1E86450A91E2}"
EndProject
Project("{2150E333-8FDC-42A3-9474-1A3956D46DE8}") = "Security", "Security", "{FA9EE3D1-9705-4F9F-A596-23D907FAE01F}"
EndProject
Project("{9A19103F-16F7-4668-BE54-9A1E7A4F7556}") = "Shared.Security", "Security\Shared.Security\Shared.Security.csproj", "{C689F153-EFF5-4C15-A365-E13BAAE88F74}"
EndProject
Project("{9A19103F-16F7-4668-BE54-9A1E7A4F7556}") = "Backend.Identity.Sample", "Sample\Security\Backend.Identity.Sample\Backend.Identity.Sample.csproj", "{69755F70-8B61-4820-9853-5B234E2F02DC}"
EndProject
Project("{9A19103F-16F7-4668-BE54-9A1E7A4F7556}") = "Frontend.Identity", "Security\Frontend.Identity\Frontend.Identity.csproj", "{D83D2432-73AD-42AB-9C15-9C005ED1579D}"
EndProject
Project("{9A19103F-16F7-4668-BE54-9A1E7A4F7556}") = "Frontend.Identity.Sample", "Sample\Security\Frontend.Identity.Sample\Frontend.Identity.Sample.csproj", "{B6F4E48F-F423-4536-AB7F-75C23D73439B}"
EndProject
Project("{2150E333-8FDC-42A3-9474-1A3956D46DE8}") = "Docs", "Docs", "{0D72899E-6720-4B6C-BB9C-3971FCB0BE6B}"
	ProjectSection(SolutionItems) = preProject
		..\LICENSE.txt = ..\LICENSE.txt
		..\README.md = ..\README.md
	EndProjectSection
EndProject
Project("{2150E333-8FDC-42A3-9474-1A3956D46DE8}") = "DDD", "DDD", "{E7DF2D12-586C-4FC6-AD53-082A1B5DF85B}"
EndProject
Project("{9A19103F-16F7-4668-BE54-9A1E7A4F7556}") = "Backend.DDD.WebApi.Sample", "Sample\DDD\Backend.DDD.WebApi.Sample\Backend.DDD.WebApi.Sample.csproj", "{73946129-1AFF-4F0B-96E3-1C2C222D027C}"
EndProject
Project("{9A19103F-16F7-4668-BE54-9A1E7A4F7556}") = "Backend.DDD.Sample", "Sample\DDD\Backend.DDD.Sample\Backend.DDD.Sample.csproj", "{B2BEBD49-CFA2-4662-B4D8-66043683064C}"
EndProject
Project("{2150E333-8FDC-42A3-9474-1A3956D46DE8}") = "Solution Items", "Solution Items", "{C32CA805-3C3D-42CE-9479-20B2E5EEBD86}"
	ProjectSection(SolutionItems) = preProject
		..\LICENSE.txt = ..\LICENSE.txt
		..\README.md = ..\README.md
	EndProjectSection
EndProject
Project("{9A19103F-16F7-4668-BE54-9A1E7A4F7556}") = "Backend.DDD.Sample.IntegrationTests", "Sample\DDD\Backend.DDD.Sample.IntegrationTests\Backend.DDD.Sample.IntegrationTests.csproj", "{A96F6E01-00C7-42B0-BEC9-241110B4F1A4}"
EndProject
Project("{9A19103F-16F7-4668-BE54-9A1E7A4F7556}") = "Backend.DDD.Sample.Contracts", "Sample\DDD\Backend.DDD.Sample.Contracts\Backend.DDD.Sample.Contracts.csproj", "{780DA3E7-461A-4BC7-AE31-8C8FB9DE68EE}"
EndProject
Project("{9A19103F-16F7-4668-BE54-9A1E7A4F7556}") = "Backend.Core.Tests", "Core\Backend.Core.Tests\Backend.Core.Tests.csproj", "{68E9180D-9EF1-4765-AC3E-85B0B167602C}"
EndProject
Project("{9A19103F-16F7-4668-BE54-9A1E7A4F7556}") = "Backend.Core.WebApi.Tests", "Core\Backend.Core.WebApi.Tests\Backend.Core.WebApi.Tests.csproj", "{9BDEDD7C-A07A-42BD-85EB-2A7F29F10E1E}"
EndProject
Project("{9A19103F-16F7-4668-BE54-9A1E7A4F7556}") = "WebApi.Template.SimpleDDD", "Templates\SimpleDDD\content\GoldenEye.WebApi.Template.SimpleDDD.csproj", "{592DD3EB-823E-4941-808A-7A42928748BD}"
EndProject
Project("{9A19103F-16F7-4668-BE54-9A1E7A4F7556}") = "Backend.Core.Dapper", "Core\Backend.Core.Dapper\Backend.Core.Dapper.csproj", "{7D9EBFA0-F65B-4F87-824A-1F3F2D18BD0A}"
EndProject
Project("{2150E333-8FDC-42A3-9474-1A3956D46DE8}") = "Docker", "Docker", "{745EC139-4033-4F75-BC9C-64A417DC1229}"
	ProjectSection(SolutionItems) = preProject
		..\docker\docker-compose.yml = ..\docker\docker-compose.yml
	EndProjectSection
EndProject
Project("{2150E333-8FDC-42A3-9474-1A3956D46DE8}") = "postgres", "postgres", "{E9097CBA-BBAA-4E27-BA2E-1DF61CBFCB37}"
	ProjectSection(SolutionItems) = preProject
		..\docker\postgres\variables.env = ..\docker\postgres\variables.env
	EndProjectSection
EndProject
Project("{2150E333-8FDC-42A3-9474-1A3956D46DE8}") = "Templates", "Templates", "{2C2A047E-CDC5-41E8-82C1-BCC31F941B6A}"
EndProject
Project("{FAE04EC0-301F-11D3-BF4B-00C04F79EFBC}") = "WebApi.Template.SimpleDDD.IntegrationTests", "Templates\SimpleDDD\IntegrationTests\WebApi.Template.SimpleDDD.IntegrationTests.csproj", "{8E2E928B-E1D1-4AFA-AAE7-6586F9EC8170}"
EndProject
Global
	GlobalSection(SolutionConfigurationPlatforms) = preSolution
		Debug|Any CPU = Debug|Any CPU
		Release|Any CPU = Release|Any CPU
	EndGlobalSection
	GlobalSection(ProjectConfigurationPlatforms) = postSolution
		{1128E2BD-E6C9-4836-A92A-7F8F39B949E4}.Debug|Any CPU.ActiveCfg = Debug|Any CPU
		{1128E2BD-E6C9-4836-A92A-7F8F39B949E4}.Debug|Any CPU.Build.0 = Debug|Any CPU
		{1128E2BD-E6C9-4836-A92A-7F8F39B949E4}.Release|Any CPU.ActiveCfg = Release|Any CPU
		{1128E2BD-E6C9-4836-A92A-7F8F39B949E4}.Release|Any CPU.Build.0 = Release|Any CPU
		{4996E926-2E09-4D65-B34D-40D57D12B18C}.Debug|Any CPU.ActiveCfg = Debug|Any CPU
		{4996E926-2E09-4D65-B34D-40D57D12B18C}.Debug|Any CPU.Build.0 = Debug|Any CPU
		{4996E926-2E09-4D65-B34D-40D57D12B18C}.Release|Any CPU.ActiveCfg = Release|Any CPU
		{4996E926-2E09-4D65-B34D-40D57D12B18C}.Release|Any CPU.Build.0 = Release|Any CPU
		{78662F89-BADC-41DE-95C8-01BE5F0F021F}.Debug|Any CPU.ActiveCfg = Debug|Any CPU
		{78662F89-BADC-41DE-95C8-01BE5F0F021F}.Debug|Any CPU.Build.0 = Debug|Any CPU
		{78662F89-BADC-41DE-95C8-01BE5F0F021F}.Release|Any CPU.ActiveCfg = Release|Any CPU
		{78662F89-BADC-41DE-95C8-01BE5F0F021F}.Release|Any CPU.Build.0 = Release|Any CPU
		{A6112743-8DFE-4165-A5D0-B52408746BC0}.Debug|Any CPU.ActiveCfg = Debug|Any CPU
		{A6112743-8DFE-4165-A5D0-B52408746BC0}.Debug|Any CPU.Build.0 = Debug|Any CPU
		{A6112743-8DFE-4165-A5D0-B52408746BC0}.Release|Any CPU.ActiveCfg = Release|Any CPU
		{A6112743-8DFE-4165-A5D0-B52408746BC0}.Release|Any CPU.Build.0 = Release|Any CPU
		{BFB12194-60DC-42C4-838B-A35EB96C9096}.Debug|Any CPU.ActiveCfg = Debug|Any CPU
		{BFB12194-60DC-42C4-838B-A35EB96C9096}.Debug|Any CPU.Build.0 = Debug|Any CPU
		{BFB12194-60DC-42C4-838B-A35EB96C9096}.Release|Any CPU.ActiveCfg = Release|Any CPU
		{BFB12194-60DC-42C4-838B-A35EB96C9096}.Release|Any CPU.Build.0 = Release|Any CPU
		{B79B8C39-1A30-4E2B-A8D3-A2DC24A8665D}.Debug|Any CPU.ActiveCfg = Debug|Any CPU
		{B79B8C39-1A30-4E2B-A8D3-A2DC24A8665D}.Debug|Any CPU.Build.0 = Debug|Any CPU
		{B79B8C39-1A30-4E2B-A8D3-A2DC24A8665D}.Release|Any CPU.ActiveCfg = Release|Any CPU
		{B79B8C39-1A30-4E2B-A8D3-A2DC24A8665D}.Release|Any CPU.Build.0 = Release|Any CPU
		{F20BF631-413A-4C82-A216-DD7DC193F1A4}.Debug|Any CPU.ActiveCfg = Debug|Any CPU
		{F20BF631-413A-4C82-A216-DD7DC193F1A4}.Debug|Any CPU.Build.0 = Debug|Any CPU
		{F20BF631-413A-4C82-A216-DD7DC193F1A4}.Release|Any CPU.ActiveCfg = Release|Any CPU
		{F20BF631-413A-4C82-A216-DD7DC193F1A4}.Release|Any CPU.Build.0 = Release|Any CPU
		{1D12A3C0-87BB-4FE8-9960-6ECC6C22D4FD}.Debug|Any CPU.ActiveCfg = Debug|Any CPU
		{1D12A3C0-87BB-4FE8-9960-6ECC6C22D4FD}.Debug|Any CPU.Build.0 = Debug|Any CPU
		{1D12A3C0-87BB-4FE8-9960-6ECC6C22D4FD}.Release|Any CPU.ActiveCfg = Release|Any CPU
		{1D12A3C0-87BB-4FE8-9960-6ECC6C22D4FD}.Release|Any CPU.Build.0 = Release|Any CPU
		{8D93BBF0-0E31-4439-9BB4-71638BF15E90}.Debug|Any CPU.ActiveCfg = Debug|Any CPU
		{8D93BBF0-0E31-4439-9BB4-71638BF15E90}.Debug|Any CPU.Build.0 = Debug|Any CPU
		{8D93BBF0-0E31-4439-9BB4-71638BF15E90}.Release|Any CPU.ActiveCfg = Release|Any CPU
		{8D93BBF0-0E31-4439-9BB4-71638BF15E90}.Release|Any CPU.Build.0 = Release|Any CPU
		{E84F8675-830E-4C03-AA07-C6676D0043C2}.Debug|Any CPU.ActiveCfg = Debug|Any CPU
		{E84F8675-830E-4C03-AA07-C6676D0043C2}.Debug|Any CPU.Build.0 = Debug|Any CPU
		{E84F8675-830E-4C03-AA07-C6676D0043C2}.Release|Any CPU.ActiveCfg = Release|Any CPU
		{E84F8675-830E-4C03-AA07-C6676D0043C2}.Release|Any CPU.Build.0 = Release|Any CPU
		{AD604C77-F9EA-465B-A2AE-1E86450A91E2}.Debug|Any CPU.ActiveCfg = Debug|Any CPU
		{AD604C77-F9EA-465B-A2AE-1E86450A91E2}.Debug|Any CPU.Build.0 = Debug|Any CPU
		{AD604C77-F9EA-465B-A2AE-1E86450A91E2}.Release|Any CPU.ActiveCfg = Release|Any CPU
		{AD604C77-F9EA-465B-A2AE-1E86450A91E2}.Release|Any CPU.Build.0 = Release|Any CPU
		{C689F153-EFF5-4C15-A365-E13BAAE88F74}.Debug|Any CPU.ActiveCfg = Debug|Any CPU
		{C689F153-EFF5-4C15-A365-E13BAAE88F74}.Debug|Any CPU.Build.0 = Debug|Any CPU
		{C689F153-EFF5-4C15-A365-E13BAAE88F74}.Release|Any CPU.ActiveCfg = Release|Any CPU
		{C689F153-EFF5-4C15-A365-E13BAAE88F74}.Release|Any CPU.Build.0 = Release|Any CPU
		{69755F70-8B61-4820-9853-5B234E2F02DC}.Debug|Any CPU.ActiveCfg = Debug|Any CPU
		{69755F70-8B61-4820-9853-5B234E2F02DC}.Debug|Any CPU.Build.0 = Debug|Any CPU
		{69755F70-8B61-4820-9853-5B234E2F02DC}.Release|Any CPU.ActiveCfg = Release|Any CPU
		{69755F70-8B61-4820-9853-5B234E2F02DC}.Release|Any CPU.Build.0 = Release|Any CPU
		{D83D2432-73AD-42AB-9C15-9C005ED1579D}.Debug|Any CPU.ActiveCfg = Debug|Any CPU
		{D83D2432-73AD-42AB-9C15-9C005ED1579D}.Debug|Any CPU.Build.0 = Debug|Any CPU
		{D83D2432-73AD-42AB-9C15-9C005ED1579D}.Release|Any CPU.ActiveCfg = Release|Any CPU
		{D83D2432-73AD-42AB-9C15-9C005ED1579D}.Release|Any CPU.Build.0 = Release|Any CPU
		{B6F4E48F-F423-4536-AB7F-75C23D73439B}.Debug|Any CPU.ActiveCfg = Debug|Any CPU
		{B6F4E48F-F423-4536-AB7F-75C23D73439B}.Debug|Any CPU.Build.0 = Debug|Any CPU
		{B6F4E48F-F423-4536-AB7F-75C23D73439B}.Release|Any CPU.ActiveCfg = Release|Any CPU
		{B6F4E48F-F423-4536-AB7F-75C23D73439B}.Release|Any CPU.Build.0 = Release|Any CPU
		{73946129-1AFF-4F0B-96E3-1C2C222D027C}.Debug|Any CPU.ActiveCfg = Debug|Any CPU
		{73946129-1AFF-4F0B-96E3-1C2C222D027C}.Debug|Any CPU.Build.0 = Debug|Any CPU
		{73946129-1AFF-4F0B-96E3-1C2C222D027C}.Release|Any CPU.ActiveCfg = Release|Any CPU
		{73946129-1AFF-4F0B-96E3-1C2C222D027C}.Release|Any CPU.Build.0 = Release|Any CPU
		{B2BEBD49-CFA2-4662-B4D8-66043683064C}.Debug|Any CPU.ActiveCfg = Debug|Any CPU
		{B2BEBD49-CFA2-4662-B4D8-66043683064C}.Debug|Any CPU.Build.0 = Debug|Any CPU
		{B2BEBD49-CFA2-4662-B4D8-66043683064C}.Release|Any CPU.ActiveCfg = Release|Any CPU
		{B2BEBD49-CFA2-4662-B4D8-66043683064C}.Release|Any CPU.Build.0 = Release|Any CPU
		{A96F6E01-00C7-42B0-BEC9-241110B4F1A4}.Debug|Any CPU.ActiveCfg = Debug|Any CPU
		{A96F6E01-00C7-42B0-BEC9-241110B4F1A4}.Debug|Any CPU.Build.0 = Debug|Any CPU
		{A96F6E01-00C7-42B0-BEC9-241110B4F1A4}.Release|Any CPU.ActiveCfg = Release|Any CPU
		{A96F6E01-00C7-42B0-BEC9-241110B4F1A4}.Release|Any CPU.Build.0 = Release|Any CPU
		{780DA3E7-461A-4BC7-AE31-8C8FB9DE68EE}.Debug|Any CPU.ActiveCfg = Debug|Any CPU
		{780DA3E7-461A-4BC7-AE31-8C8FB9DE68EE}.Debug|Any CPU.Build.0 = Debug|Any CPU
		{780DA3E7-461A-4BC7-AE31-8C8FB9DE68EE}.Release|Any CPU.ActiveCfg = Release|Any CPU
		{780DA3E7-461A-4BC7-AE31-8C8FB9DE68EE}.Release|Any CPU.Build.0 = Release|Any CPU
		{68E9180D-9EF1-4765-AC3E-85B0B167602C}.Debug|Any CPU.ActiveCfg = Debug|Any CPU
		{68E9180D-9EF1-4765-AC3E-85B0B167602C}.Debug|Any CPU.Build.0 = Debug|Any CPU
		{68E9180D-9EF1-4765-AC3E-85B0B167602C}.Release|Any CPU.ActiveCfg = Release|Any CPU
		{68E9180D-9EF1-4765-AC3E-85B0B167602C}.Release|Any CPU.Build.0 = Release|Any CPU
		{9BDEDD7C-A07A-42BD-85EB-2A7F29F10E1E}.Debug|Any CPU.ActiveCfg = Debug|Any CPU
		{9BDEDD7C-A07A-42BD-85EB-2A7F29F10E1E}.Debug|Any CPU.Build.0 = Debug|Any CPU
		{9BDEDD7C-A07A-42BD-85EB-2A7F29F10E1E}.Release|Any CPU.ActiveCfg = Release|Any CPU
		{9BDEDD7C-A07A-42BD-85EB-2A7F29F10E1E}.Release|Any CPU.Build.0 = Release|Any CPU
		{592DD3EB-823E-4941-808A-7A42928748BD}.Debug|Any CPU.ActiveCfg = Debug|Any CPU
		{592DD3EB-823E-4941-808A-7A42928748BD}.Debug|Any CPU.Build.0 = Debug|Any CPU
		{592DD3EB-823E-4941-808A-7A42928748BD}.Release|Any CPU.ActiveCfg = Release|Any CPU
		{592DD3EB-823E-4941-808A-7A42928748BD}.Release|Any CPU.Build.0 = Release|Any CPU
		{7D9EBFA0-F65B-4F87-824A-1F3F2D18BD0A}.Debug|Any CPU.ActiveCfg = Debug|Any CPU
		{7D9EBFA0-F65B-4F87-824A-1F3F2D18BD0A}.Debug|Any CPU.Build.0 = Debug|Any CPU
		{7D9EBFA0-F65B-4F87-824A-1F3F2D18BD0A}.Release|Any CPU.ActiveCfg = Release|Any CPU
		{7D9EBFA0-F65B-4F87-824A-1F3F2D18BD0A}.Release|Any CPU.Build.0 = Release|Any CPU
		{8E2E928B-E1D1-4AFA-AAE7-6586F9EC8170}.Debug|Any CPU.ActiveCfg = Debug|Any CPU
		{8E2E928B-E1D1-4AFA-AAE7-6586F9EC8170}.Debug|Any CPU.Build.0 = Debug|Any CPU
		{8E2E928B-E1D1-4AFA-AAE7-6586F9EC8170}.Release|Any CPU.ActiveCfg = Release|Any CPU
		{8E2E928B-E1D1-4AFA-AAE7-6586F9EC8170}.Release|Any CPU.Build.0 = Release|Any CPU
	EndGlobalSection
	GlobalSection(SolutionProperties) = preSolution
		HideSolutionNode = FALSE
	EndGlobalSection
	GlobalSection(NestedProjects) = preSolution
		{1128E2BD-E6C9-4836-A92A-7F8F39B949E4} = {F4F82AA0-8F75-4A08-B420-5C5A3FC812C0}
		{4996E926-2E09-4D65-B34D-40D57D12B18C} = {F4F82AA0-8F75-4A08-B420-5C5A3FC812C0}
		{78662F89-BADC-41DE-95C8-01BE5F0F021F} = {F4F82AA0-8F75-4A08-B420-5C5A3FC812C0}
		{A6112743-8DFE-4165-A5D0-B52408746BC0} = {F4F82AA0-8F75-4A08-B420-5C5A3FC812C0}
		{BFB12194-60DC-42C4-838B-A35EB96C9096} = {F4F82AA0-8F75-4A08-B420-5C5A3FC812C0}
		{B79B8C39-1A30-4E2B-A8D3-A2DC24A8665D} = {23C64FA6-FA22-4A73-8360-D81FD44E7AE1}
		{F20BF631-413A-4C82-A216-DD7DC193F1A4} = {F4F82AA0-8F75-4A08-B420-5C5A3FC812C0}
		{1D12A3C0-87BB-4FE8-9960-6ECC6C22D4FD} = {F4F82AA0-8F75-4A08-B420-5C5A3FC812C0}
		{8D93BBF0-0E31-4439-9BB4-71638BF15E90} = {F4F82AA0-8F75-4A08-B420-5C5A3FC812C0}
		{E84F8675-830E-4C03-AA07-C6676D0043C2} = {F4F82AA0-8F75-4A08-B420-5C5A3FC812C0}
		{AD604C77-F9EA-465B-A2AE-1E86450A91E2} = {D5E346A7-76FC-4042-B202-A6694521C363}
		{FA9EE3D1-9705-4F9F-A596-23D907FAE01F} = {23C64FA6-FA22-4A73-8360-D81FD44E7AE1}
		{C689F153-EFF5-4C15-A365-E13BAAE88F74} = {D5E346A7-76FC-4042-B202-A6694521C363}
		{69755F70-8B61-4820-9853-5B234E2F02DC} = {FA9EE3D1-9705-4F9F-A596-23D907FAE01F}
		{D83D2432-73AD-42AB-9C15-9C005ED1579D} = {D5E346A7-76FC-4042-B202-A6694521C363}
		{B6F4E48F-F423-4536-AB7F-75C23D73439B} = {FA9EE3D1-9705-4F9F-A596-23D907FAE01F}
		{E7DF2D12-586C-4FC6-AD53-082A1B5DF85B} = {23C64FA6-FA22-4A73-8360-D81FD44E7AE1}
		{73946129-1AFF-4F0B-96E3-1C2C222D027C} = {E7DF2D12-586C-4FC6-AD53-082A1B5DF85B}
		{B2BEBD49-CFA2-4662-B4D8-66043683064C} = {E7DF2D12-586C-4FC6-AD53-082A1B5DF85B}
		{A96F6E01-00C7-42B0-BEC9-241110B4F1A4} = {E7DF2D12-586C-4FC6-AD53-082A1B5DF85B}
		{780DA3E7-461A-4BC7-AE31-8C8FB9DE68EE} = {E7DF2D12-586C-4FC6-AD53-082A1B5DF85B}
		{68E9180D-9EF1-4765-AC3E-85B0B167602C} = {F4F82AA0-8F75-4A08-B420-5C5A3FC812C0}
		{9BDEDD7C-A07A-42BD-85EB-2A7F29F10E1E} = {F4F82AA0-8F75-4A08-B420-5C5A3FC812C0}
		{592DD3EB-823E-4941-808A-7A42928748BD} = {2C2A047E-CDC5-41E8-82C1-BCC31F941B6A}
		{7D9EBFA0-F65B-4F87-824A-1F3F2D18BD0A} = {F4F82AA0-8F75-4A08-B420-5C5A3FC812C0}
		{E9097CBA-BBAA-4E27-BA2E-1DF61CBFCB37} = {745EC139-4033-4F75-BC9C-64A417DC1229}
		{8E2E928B-E1D1-4AFA-AAE7-6586F9EC8170} = {2C2A047E-CDC5-41E8-82C1-BCC31F941B6A}
	EndGlobalSection
	GlobalSection(ExtensibilityGlobals) = postSolution
		SolutionGuid = {8F5394A0-8892-4A22-B6A0-7BBC209FF191}
	EndGlobalSection
EndGlobal
