
Microsoft Visual Studio Solution File, Format Version 12.00
# Visual Studio 2013
VisualStudioVersion = 12.0.40629.0
MinimumVisualStudioVersion = 10.0.40219.1
Project("{FAE04EC0-301F-11D3-BF4B-00C04F79EFBC}") = "Backend.Business", "Backend.Business\Backend.Business.csproj", "{019AB4EA-278E-4B78-B849-1B6AAB9D5E92}"
	ProjectSection(ProjectDependencies) = postProject
		{B4E800E8-F352-448D-86FE-FA467BD9E7A6} = {B4E800E8-F352-448D-86FE-FA467BD9E7A6}
		{92B1A1F0-6FD6-411A-BD00-0CDEFB829782} = {92B1A1F0-6FD6-411A-BD00-0CDEFB829782}
	EndProjectSection
EndProject
Project("{FAE04EC0-301F-11D3-BF4B-00C04F79EFBC}") = "Backend.Core", "Backend.Core\Backend.Core.csproj", "{92B1A1F0-6FD6-411A-BD00-0CDEFB829782}"
	ProjectSection(ProjectDependencies) = postProject
		{B4E800E8-F352-448D-86FE-FA467BD9E7A6} = {B4E800E8-F352-448D-86FE-FA467BD9E7A6}
	EndProjectSection
EndProject
Project("{FAE04EC0-301F-11D3-BF4B-00C04F79EFBC}") = "Shared.Core", "Shared.Core\Shared.Core.csproj", "{B4E800E8-F352-448D-86FE-FA467BD9E7A6}"
EndProject
Project("{2150E333-8FDC-42A3-9474-1A3956D46DE8}") = ".nuget", ".nuget", "{935F1865-6430-4831-BE7C-7DE41418BF06}"
	ProjectSection(SolutionItems) = preProject
		.nuget\NuGet.Config = .nuget\NuGet.Config
		.nuget\NuGet.exe = .nuget\NuGet.exe
		.nuget\NuGet.targets = .nuget\NuGet.targets
	EndProjectSection
EndProject
Project("{FAE04EC0-301F-11D3-BF4B-00C04F79EFBC}") = "Shared.Business", "Shared.Business\Shared.Business.csproj", "{FE4C8D80-C8B9-45B4-9CE3-BB94280BC223}"
EndProject
Project("{FAE04EC0-301F-11D3-BF4B-00C04F79EFBC}") = "Backend.Core.Tests", "Backend.Core.Tests\Backend.Core.Tests.csproj", "{77A638DE-2F2A-46AD-B396-F4EF2C1579B0}"
EndProject
Project("{FAE04EC0-301F-11D3-BF4B-00C04F79EFBC}") = "Frontend.Web", "Frontend.Web\Frontend.Web.csproj", "{B374A4D9-5C51-4DC3-A14A-D7686BB484F0}"
EndProject
Project("{FAE04EC0-301F-11D3-BF4B-00C04F79EFBC}") = "Frontend.Web.Tests", "Frontend.Web.Tests\Frontend.Web.Tests.csproj", "{F0D7C5EB-0313-4FA8-A7B0-D517731E12B0}"
EndProject
Project("{2150E333-8FDC-42A3-9474-1A3956D46DE8}") = "Sample", "Sample", "{9FEF4DB5-3C5C-4812-BB54-CE35DA76C6EF}"
EndProject
Project("{FAE04EC0-301F-11D3-BF4B-00C04F79EFBC}") = "Frontend.Core.Web", "Frontend.Core.Web\Frontend.Core.Web.csproj", "{339E53FF-ACDE-4E68-A862-B9E7F10E2DED}"
EndProject
Project("{2150E333-8FDC-42A3-9474-1A3956D46DE8}") = "Security", "Security", "{37F1741B-DFBA-4462-A89C-FD53525EC5E7}"
EndProject
Project("{FAE04EC0-301F-11D3-BF4B-00C04F79EFBC}") = "Frontend.Security.Web", "Security\Frontend.Security.Web\Frontend.Security.Web.csproj", "{97A528CC-56EB-4309-A29F-1D1715B768E6}"
EndProject
Project("{FAE04EC0-301F-11D3-BF4B-00C04F79EFBC}") = "Backend.Security", "Security\Backend.Security\Backend.Security.csproj", "{50414CF7-122F-4A61-8154-62A21009CC07}"
EndProject
Project("{2150E333-8FDC-42A3-9474-1A3956D46DE8}") = "SPA", "SPA", "{AD54A43C-15F4-464E-987B-C88AEBF1C121}"
EndProject
Project("{FAE04EC0-301F-11D3-BF4B-00C04F79EFBC}") = "Frontend.SPA.Web", "SPA\Frontend.SPA.Web\Frontend.SPA.Web.csproj", "{1F42635B-5AD0-4A52-BC83-B505C1AEE532}"
EndProject
Project("{2150E333-8FDC-42A3-9474-1A3956D46DE8}") = "Core", "Core", "{FE009D4F-410D-4618-87F5-69402EBE3CCC}"
EndProject
Project("{2150E333-8FDC-42A3-9474-1A3956D46DE8}") = ".build", ".build", "{23F6E9DD-BF1C-4568-A874-344447CD994C}"
	ProjectSection(SolutionItems) = preProject
		build.bat = build.bat
		Build.proj = Build.proj
		GoldenEye.proj = GoldenEye.proj
		.build\MSBuild.Community.Tasks.dll = .build\MSBuild.Community.Tasks.dll
		.build\MSBuild.Community.Tasks.targets = .build\MSBuild.Community.Tasks.targets
	EndProjectSection
EndProject
Project("{FAE04EC0-301F-11D3-BF4B-00C04F79EFBC}") = "Backend.SPA.Business", "SPA\Backend.SPA.Business\Backend.SPA.Business.csproj", "{D485758D-7F39-496F-96AE-CF89A158FDD5}"
EndProject
Project("{FAE04EC0-301F-11D3-BF4B-00C04F79EFBC}") = "Shared.SPA", "SPA\Backend.SPA.Shared\Shared.SPA.csproj", "{C26421E6-2236-4453-BA5F-249C8E7C2CA9}"
EndProject
Global
	GlobalSection(SolutionConfigurationPlatforms) = preSolution
		Debug|Any CPU = Debug|Any CPU
		Debug|ARM = Debug|ARM
		Debug|x64 = Debug|x64
		Debug|x86 = Debug|x86
		Debug-Net451|Any CPU = Debug-Net451|Any CPU
		Debug-Net451|ARM = Debug-Net451|ARM
		Debug-Net451|x64 = Debug-Net451|x64
		Debug-Net451|x86 = Debug-Net451|x86
		Release|Any CPU = Release|Any CPU
		Release|ARM = Release|ARM
		Release|x64 = Release|x64
		Release|x86 = Release|x86
		Release-Net451|Any CPU = Release-Net451|Any CPU
		Release-Net451|ARM = Release-Net451|ARM
		Release-Net451|x64 = Release-Net451|x64
		Release-Net451|x86 = Release-Net451|x86
	EndGlobalSection
	GlobalSection(ProjectConfigurationPlatforms) = postSolution
		{019AB4EA-278E-4B78-B849-1B6AAB9D5E92}.Debug|Any CPU.ActiveCfg = Debug|Any CPU
		{019AB4EA-278E-4B78-B849-1B6AAB9D5E92}.Debug|Any CPU.Build.0 = Debug|Any CPU
		{019AB4EA-278E-4B78-B849-1B6AAB9D5E92}.Debug|ARM.ActiveCfg = Debug|Any CPU
		{019AB4EA-278E-4B78-B849-1B6AAB9D5E92}.Debug|x64.ActiveCfg = Debug|Any CPU
		{019AB4EA-278E-4B78-B849-1B6AAB9D5E92}.Debug|x86.ActiveCfg = Debug|Any CPU
		{019AB4EA-278E-4B78-B849-1B6AAB9D5E92}.Debug-Net451|Any CPU.ActiveCfg = Debug-Net451|Any CPU
		{019AB4EA-278E-4B78-B849-1B6AAB9D5E92}.Debug-Net451|Any CPU.Build.0 = Debug-Net451|Any CPU
		{019AB4EA-278E-4B78-B849-1B6AAB9D5E92}.Debug-Net451|ARM.ActiveCfg = Debug-Net451|Any CPU
		{019AB4EA-278E-4B78-B849-1B6AAB9D5E92}.Debug-Net451|x64.ActiveCfg = Debug-Net451|Any CPU
		{019AB4EA-278E-4B78-B849-1B6AAB9D5E92}.Debug-Net451|x86.ActiveCfg = Debug-Net451|Any CPU
		{019AB4EA-278E-4B78-B849-1B6AAB9D5E92}.Release|Any CPU.ActiveCfg = Release|Any CPU
		{019AB4EA-278E-4B78-B849-1B6AAB9D5E92}.Release|Any CPU.Build.0 = Release|Any CPU
		{019AB4EA-278E-4B78-B849-1B6AAB9D5E92}.Release|ARM.ActiveCfg = Release|Any CPU
		{019AB4EA-278E-4B78-B849-1B6AAB9D5E92}.Release|x64.ActiveCfg = Release|Any CPU
		{019AB4EA-278E-4B78-B849-1B6AAB9D5E92}.Release|x86.ActiveCfg = Release|Any CPU
		{019AB4EA-278E-4B78-B849-1B6AAB9D5E92}.Release-Net451|Any CPU.ActiveCfg = Release-Net451|Any CPU
		{019AB4EA-278E-4B78-B849-1B6AAB9D5E92}.Release-Net451|Any CPU.Build.0 = Release-Net451|Any CPU
		{019AB4EA-278E-4B78-B849-1B6AAB9D5E92}.Release-Net451|ARM.ActiveCfg = Release-Net451|Any CPU
		{019AB4EA-278E-4B78-B849-1B6AAB9D5E92}.Release-Net451|x64.ActiveCfg = Release-Net451|Any CPU
		{019AB4EA-278E-4B78-B849-1B6AAB9D5E92}.Release-Net451|x86.ActiveCfg = Release-Net451|Any CPU
		{92B1A1F0-6FD6-411A-BD00-0CDEFB829782}.Debug|Any CPU.ActiveCfg = Debug|Any CPU
		{92B1A1F0-6FD6-411A-BD00-0CDEFB829782}.Debug|Any CPU.Build.0 = Debug|Any CPU
		{92B1A1F0-6FD6-411A-BD00-0CDEFB829782}.Debug|ARM.ActiveCfg = Debug|Any CPU
		{92B1A1F0-6FD6-411A-BD00-0CDEFB829782}.Debug|x64.ActiveCfg = Debug|Any CPU
		{92B1A1F0-6FD6-411A-BD00-0CDEFB829782}.Debug|x86.ActiveCfg = Debug|Any CPU
		{92B1A1F0-6FD6-411A-BD00-0CDEFB829782}.Debug-Net451|Any CPU.ActiveCfg = Debug-Net451|Any CPU
		{92B1A1F0-6FD6-411A-BD00-0CDEFB829782}.Debug-Net451|Any CPU.Build.0 = Debug-Net451|Any CPU
		{92B1A1F0-6FD6-411A-BD00-0CDEFB829782}.Debug-Net451|ARM.ActiveCfg = Debug-Net451|Any CPU
		{92B1A1F0-6FD6-411A-BD00-0CDEFB829782}.Debug-Net451|x64.ActiveCfg = Debug-Net451|Any CPU
		{92B1A1F0-6FD6-411A-BD00-0CDEFB829782}.Debug-Net451|x86.ActiveCfg = Debug-Net451|Any CPU
		{92B1A1F0-6FD6-411A-BD00-0CDEFB829782}.Release|Any CPU.ActiveCfg = Release|Any CPU
		{92B1A1F0-6FD6-411A-BD00-0CDEFB829782}.Release|Any CPU.Build.0 = Release|Any CPU
		{92B1A1F0-6FD6-411A-BD00-0CDEFB829782}.Release|ARM.ActiveCfg = Release|Any CPU
		{92B1A1F0-6FD6-411A-BD00-0CDEFB829782}.Release|x64.ActiveCfg = Release|Any CPU
		{92B1A1F0-6FD6-411A-BD00-0CDEFB829782}.Release|x86.ActiveCfg = Release|Any CPU
		{92B1A1F0-6FD6-411A-BD00-0CDEFB829782}.Release-Net451|Any CPU.ActiveCfg = Release-Net451|Any CPU
		{92B1A1F0-6FD6-411A-BD00-0CDEFB829782}.Release-Net451|Any CPU.Build.0 = Release-Net451|Any CPU
		{92B1A1F0-6FD6-411A-BD00-0CDEFB829782}.Release-Net451|ARM.ActiveCfg = Release-Net451|Any CPU
		{92B1A1F0-6FD6-411A-BD00-0CDEFB829782}.Release-Net451|x64.ActiveCfg = Release-Net451|Any CPU
		{92B1A1F0-6FD6-411A-BD00-0CDEFB829782}.Release-Net451|x86.ActiveCfg = Release-Net451|Any CPU
		{B4E800E8-F352-448D-86FE-FA467BD9E7A6}.Debug|Any CPU.ActiveCfg = Debug|Any CPU
		{B4E800E8-F352-448D-86FE-FA467BD9E7A6}.Debug|Any CPU.Build.0 = Debug|Any CPU
		{B4E800E8-F352-448D-86FE-FA467BD9E7A6}.Debug|ARM.ActiveCfg = Debug|Any CPU
		{B4E800E8-F352-448D-86FE-FA467BD9E7A6}.Debug|x64.ActiveCfg = Debug|Any CPU
		{B4E800E8-F352-448D-86FE-FA467BD9E7A6}.Debug|x86.ActiveCfg = Debug|Any CPU
		{B4E800E8-F352-448D-86FE-FA467BD9E7A6}.Debug-Net451|Any CPU.ActiveCfg = Debug-Net451|Any CPU
		{B4E800E8-F352-448D-86FE-FA467BD9E7A6}.Debug-Net451|Any CPU.Build.0 = Debug-Net451|Any CPU
		{B4E800E8-F352-448D-86FE-FA467BD9E7A6}.Debug-Net451|ARM.ActiveCfg = Debug-Net451|Any CPU
		{B4E800E8-F352-448D-86FE-FA467BD9E7A6}.Debug-Net451|x64.ActiveCfg = Debug-Net451|Any CPU
		{B4E800E8-F352-448D-86FE-FA467BD9E7A6}.Debug-Net451|x86.ActiveCfg = Debug-Net451|Any CPU
		{B4E800E8-F352-448D-86FE-FA467BD9E7A6}.Release|Any CPU.ActiveCfg = Release|Any CPU
		{B4E800E8-F352-448D-86FE-FA467BD9E7A6}.Release|Any CPU.Build.0 = Release|Any CPU
		{B4E800E8-F352-448D-86FE-FA467BD9E7A6}.Release|ARM.ActiveCfg = Release|Any CPU
		{B4E800E8-F352-448D-86FE-FA467BD9E7A6}.Release|x64.ActiveCfg = Release|Any CPU
		{B4E800E8-F352-448D-86FE-FA467BD9E7A6}.Release|x86.ActiveCfg = Release|Any CPU
		{B4E800E8-F352-448D-86FE-FA467BD9E7A6}.Release-Net451|Any CPU.ActiveCfg = Release-Net451|Any CPU
		{B4E800E8-F352-448D-86FE-FA467BD9E7A6}.Release-Net451|Any CPU.Build.0 = Release-Net451|Any CPU
		{B4E800E8-F352-448D-86FE-FA467BD9E7A6}.Release-Net451|ARM.ActiveCfg = Release-Net451|Any CPU
		{B4E800E8-F352-448D-86FE-FA467BD9E7A6}.Release-Net451|x64.ActiveCfg = Release-Net451|Any CPU
		{B4E800E8-F352-448D-86FE-FA467BD9E7A6}.Release-Net451|x86.ActiveCfg = Release-Net451|Any CPU
		{FE4C8D80-C8B9-45B4-9CE3-BB94280BC223}.Debug|Any CPU.ActiveCfg = Debug|Any CPU
		{FE4C8D80-C8B9-45B4-9CE3-BB94280BC223}.Debug|Any CPU.Build.0 = Debug|Any CPU
		{FE4C8D80-C8B9-45B4-9CE3-BB94280BC223}.Debug|ARM.ActiveCfg = Debug|Any CPU
		{FE4C8D80-C8B9-45B4-9CE3-BB94280BC223}.Debug|x64.ActiveCfg = Debug|Any CPU
		{FE4C8D80-C8B9-45B4-9CE3-BB94280BC223}.Debug|x86.ActiveCfg = Debug|Any CPU
		{FE4C8D80-C8B9-45B4-9CE3-BB94280BC223}.Debug-Net451|Any CPU.ActiveCfg = Debug-Net451|Any CPU
		{FE4C8D80-C8B9-45B4-9CE3-BB94280BC223}.Debug-Net451|Any CPU.Build.0 = Debug-Net451|Any CPU
		{FE4C8D80-C8B9-45B4-9CE3-BB94280BC223}.Debug-Net451|ARM.ActiveCfg = Debug-Net451|Any CPU
		{FE4C8D80-C8B9-45B4-9CE3-BB94280BC223}.Debug-Net451|x64.ActiveCfg = Debug-Net451|Any CPU
		{FE4C8D80-C8B9-45B4-9CE3-BB94280BC223}.Debug-Net451|x86.ActiveCfg = Debug-Net451|Any CPU
		{FE4C8D80-C8B9-45B4-9CE3-BB94280BC223}.Release|Any CPU.ActiveCfg = Release|Any CPU
		{FE4C8D80-C8B9-45B4-9CE3-BB94280BC223}.Release|Any CPU.Build.0 = Release|Any CPU
		{FE4C8D80-C8B9-45B4-9CE3-BB94280BC223}.Release|ARM.ActiveCfg = Release|Any CPU
		{FE4C8D80-C8B9-45B4-9CE3-BB94280BC223}.Release|x64.ActiveCfg = Release|Any CPU
		{FE4C8D80-C8B9-45B4-9CE3-BB94280BC223}.Release|x86.ActiveCfg = Release|Any CPU
		{FE4C8D80-C8B9-45B4-9CE3-BB94280BC223}.Release-Net451|Any CPU.ActiveCfg = Release-Net451|Any CPU
		{FE4C8D80-C8B9-45B4-9CE3-BB94280BC223}.Release-Net451|Any CPU.Build.0 = Release-Net451|Any CPU
		{FE4C8D80-C8B9-45B4-9CE3-BB94280BC223}.Release-Net451|ARM.ActiveCfg = Release-Net451|Any CPU
		{FE4C8D80-C8B9-45B4-9CE3-BB94280BC223}.Release-Net451|x64.ActiveCfg = Release-Net451|Any CPU
		{FE4C8D80-C8B9-45B4-9CE3-BB94280BC223}.Release-Net451|x86.ActiveCfg = Release-Net451|Any CPU
		{77A638DE-2F2A-46AD-B396-F4EF2C1579B0}.Debug|Any CPU.ActiveCfg = Debug|Any CPU
		{77A638DE-2F2A-46AD-B396-F4EF2C1579B0}.Debug|Any CPU.Build.0 = Debug|Any CPU
		{77A638DE-2F2A-46AD-B396-F4EF2C1579B0}.Debug|ARM.ActiveCfg = Debug|Any CPU
		{77A638DE-2F2A-46AD-B396-F4EF2C1579B0}.Debug|x64.ActiveCfg = Debug|Any CPU
		{77A638DE-2F2A-46AD-B396-F4EF2C1579B0}.Debug|x86.ActiveCfg = Debug|Any CPU
		{77A638DE-2F2A-46AD-B396-F4EF2C1579B0}.Debug-Net451|Any CPU.ActiveCfg = Debug-Net451|Any CPU
		{77A638DE-2F2A-46AD-B396-F4EF2C1579B0}.Debug-Net451|Any CPU.Build.0 = Debug-Net451|Any CPU
		{77A638DE-2F2A-46AD-B396-F4EF2C1579B0}.Debug-Net451|ARM.ActiveCfg = Debug-Net451|Any CPU
		{77A638DE-2F2A-46AD-B396-F4EF2C1579B0}.Debug-Net451|x64.ActiveCfg = Debug-Net451|Any CPU
		{77A638DE-2F2A-46AD-B396-F4EF2C1579B0}.Debug-Net451|x86.ActiveCfg = Debug-Net451|Any CPU
		{77A638DE-2F2A-46AD-B396-F4EF2C1579B0}.Release|Any CPU.ActiveCfg = Release|Any CPU
		{77A638DE-2F2A-46AD-B396-F4EF2C1579B0}.Release|Any CPU.Build.0 = Release|Any CPU
		{77A638DE-2F2A-46AD-B396-F4EF2C1579B0}.Release|ARM.ActiveCfg = Release|Any CPU
		{77A638DE-2F2A-46AD-B396-F4EF2C1579B0}.Release|x64.ActiveCfg = Release|Any CPU
		{77A638DE-2F2A-46AD-B396-F4EF2C1579B0}.Release|x86.ActiveCfg = Release|Any CPU
		{77A638DE-2F2A-46AD-B396-F4EF2C1579B0}.Release-Net451|Any CPU.ActiveCfg = Release-Net451|Any CPU
		{77A638DE-2F2A-46AD-B396-F4EF2C1579B0}.Release-Net451|Any CPU.Build.0 = Release-Net451|Any CPU
		{77A638DE-2F2A-46AD-B396-F4EF2C1579B0}.Release-Net451|ARM.ActiveCfg = Release-Net451|Any CPU
		{77A638DE-2F2A-46AD-B396-F4EF2C1579B0}.Release-Net451|x64.ActiveCfg = Release-Net451|Any CPU
		{77A638DE-2F2A-46AD-B396-F4EF2C1579B0}.Release-Net451|x86.ActiveCfg = Release-Net451|Any CPU
		{B374A4D9-5C51-4DC3-A14A-D7686BB484F0}.Debug|Any CPU.ActiveCfg = Debug|Any CPU
		{B374A4D9-5C51-4DC3-A14A-D7686BB484F0}.Debug|Any CPU.Build.0 = Debug|Any CPU
		{B374A4D9-5C51-4DC3-A14A-D7686BB484F0}.Debug|ARM.ActiveCfg = Debug|Any CPU
		{B374A4D9-5C51-4DC3-A14A-D7686BB484F0}.Debug|x64.ActiveCfg = Debug|Any CPU
		{B374A4D9-5C51-4DC3-A14A-D7686BB484F0}.Debug|x86.ActiveCfg = Debug|Any CPU
		{B374A4D9-5C51-4DC3-A14A-D7686BB484F0}.Debug-Net451|Any CPU.ActiveCfg = Debug-Net451|Any CPU
		{B374A4D9-5C51-4DC3-A14A-D7686BB484F0}.Debug-Net451|Any CPU.Build.0 = Debug-Net451|Any CPU
		{B374A4D9-5C51-4DC3-A14A-D7686BB484F0}.Debug-Net451|ARM.ActiveCfg = Debug-Net451|Any CPU
		{B374A4D9-5C51-4DC3-A14A-D7686BB484F0}.Debug-Net451|x64.ActiveCfg = Debug-Net451|Any CPU
		{B374A4D9-5C51-4DC3-A14A-D7686BB484F0}.Debug-Net451|x86.ActiveCfg = Debug-Net451|Any CPU
		{B374A4D9-5C51-4DC3-A14A-D7686BB484F0}.Release|Any CPU.ActiveCfg = Release|Any CPU
		{B374A4D9-5C51-4DC3-A14A-D7686BB484F0}.Release|Any CPU.Build.0 = Release|Any CPU
		{B374A4D9-5C51-4DC3-A14A-D7686BB484F0}.Release|ARM.ActiveCfg = Release|Any CPU
		{B374A4D9-5C51-4DC3-A14A-D7686BB484F0}.Release|x64.ActiveCfg = Release|Any CPU
		{B374A4D9-5C51-4DC3-A14A-D7686BB484F0}.Release|x86.ActiveCfg = Release|Any CPU
		{B374A4D9-5C51-4DC3-A14A-D7686BB484F0}.Release-Net451|Any CPU.ActiveCfg = Release-Net451|Any CPU
		{B374A4D9-5C51-4DC3-A14A-D7686BB484F0}.Release-Net451|Any CPU.Build.0 = Release-Net451|Any CPU
		{B374A4D9-5C51-4DC3-A14A-D7686BB484F0}.Release-Net451|ARM.ActiveCfg = Release-Net451|Any CPU
		{B374A4D9-5C51-4DC3-A14A-D7686BB484F0}.Release-Net451|x64.ActiveCfg = Release-Net451|Any CPU
		{B374A4D9-5C51-4DC3-A14A-D7686BB484F0}.Release-Net451|x86.ActiveCfg = Release-Net451|Any CPU
		{F0D7C5EB-0313-4FA8-A7B0-D517731E12B0}.Debug|Any CPU.ActiveCfg = Debug|Any CPU
		{F0D7C5EB-0313-4FA8-A7B0-D517731E12B0}.Debug|Any CPU.Build.0 = Debug|Any CPU
		{F0D7C5EB-0313-4FA8-A7B0-D517731E12B0}.Debug|ARM.ActiveCfg = Debug|Any CPU
		{F0D7C5EB-0313-4FA8-A7B0-D517731E12B0}.Debug|x64.ActiveCfg = Debug|Any CPU
		{F0D7C5EB-0313-4FA8-A7B0-D517731E12B0}.Debug|x86.ActiveCfg = Debug|Any CPU
		{F0D7C5EB-0313-4FA8-A7B0-D517731E12B0}.Debug-Net451|Any CPU.ActiveCfg = Debug-Net451|Any CPU
		{F0D7C5EB-0313-4FA8-A7B0-D517731E12B0}.Debug-Net451|Any CPU.Build.0 = Debug-Net451|Any CPU
		{F0D7C5EB-0313-4FA8-A7B0-D517731E12B0}.Debug-Net451|ARM.ActiveCfg = Debug-Net451|Any CPU
		{F0D7C5EB-0313-4FA8-A7B0-D517731E12B0}.Debug-Net451|x64.ActiveCfg = Debug-Net451|Any CPU
		{F0D7C5EB-0313-4FA8-A7B0-D517731E12B0}.Debug-Net451|x86.ActiveCfg = Debug-Net451|Any CPU
		{F0D7C5EB-0313-4FA8-A7B0-D517731E12B0}.Release|Any CPU.ActiveCfg = Release|Any CPU
		{F0D7C5EB-0313-4FA8-A7B0-D517731E12B0}.Release|Any CPU.Build.0 = Release|Any CPU
		{F0D7C5EB-0313-4FA8-A7B0-D517731E12B0}.Release|ARM.ActiveCfg = Release|Any CPU
		{F0D7C5EB-0313-4FA8-A7B0-D517731E12B0}.Release|x64.ActiveCfg = Release|Any CPU
		{F0D7C5EB-0313-4FA8-A7B0-D517731E12B0}.Release|x86.ActiveCfg = Release|Any CPU
		{F0D7C5EB-0313-4FA8-A7B0-D517731E12B0}.Release-Net451|Any CPU.ActiveCfg = Release-Net451|Any CPU
		{F0D7C5EB-0313-4FA8-A7B0-D517731E12B0}.Release-Net451|Any CPU.Build.0 = Release-Net451|Any CPU
		{F0D7C5EB-0313-4FA8-A7B0-D517731E12B0}.Release-Net451|ARM.ActiveCfg = Release-Net451|Any CPU
		{F0D7C5EB-0313-4FA8-A7B0-D517731E12B0}.Release-Net451|x64.ActiveCfg = Release-Net451|Any CPU
		{F0D7C5EB-0313-4FA8-A7B0-D517731E12B0}.Release-Net451|x86.ActiveCfg = Release-Net451|Any CPU
		{339E53FF-ACDE-4E68-A862-B9E7F10E2DED}.Debug|Any CPU.ActiveCfg = Debug|Any CPU
		{339E53FF-ACDE-4E68-A862-B9E7F10E2DED}.Debug|Any CPU.Build.0 = Debug|Any CPU
		{339E53FF-ACDE-4E68-A862-B9E7F10E2DED}.Debug|ARM.ActiveCfg = Debug|Any CPU
		{339E53FF-ACDE-4E68-A862-B9E7F10E2DED}.Debug|x64.ActiveCfg = Debug|Any CPU
		{339E53FF-ACDE-4E68-A862-B9E7F10E2DED}.Debug|x86.ActiveCfg = Debug|Any CPU
		{339E53FF-ACDE-4E68-A862-B9E7F10E2DED}.Debug-Net451|Any CPU.ActiveCfg = Debug-Net451|Any CPU
		{339E53FF-ACDE-4E68-A862-B9E7F10E2DED}.Debug-Net451|Any CPU.Build.0 = Debug-Net451|Any CPU
		{339E53FF-ACDE-4E68-A862-B9E7F10E2DED}.Debug-Net451|ARM.ActiveCfg = Debug-Net451|Any CPU
		{339E53FF-ACDE-4E68-A862-B9E7F10E2DED}.Debug-Net451|x64.ActiveCfg = Debug-Net451|Any CPU
		{339E53FF-ACDE-4E68-A862-B9E7F10E2DED}.Debug-Net451|x86.ActiveCfg = Debug-Net451|Any CPU
		{339E53FF-ACDE-4E68-A862-B9E7F10E2DED}.Release|Any CPU.ActiveCfg = Release|Any CPU
		{339E53FF-ACDE-4E68-A862-B9E7F10E2DED}.Release|Any CPU.Build.0 = Release|Any CPU
		{339E53FF-ACDE-4E68-A862-B9E7F10E2DED}.Release|ARM.ActiveCfg = Release|Any CPU
		{339E53FF-ACDE-4E68-A862-B9E7F10E2DED}.Release|x64.ActiveCfg = Release|Any CPU
		{339E53FF-ACDE-4E68-A862-B9E7F10E2DED}.Release|x86.ActiveCfg = Release|Any CPU
		{339E53FF-ACDE-4E68-A862-B9E7F10E2DED}.Release-Net451|Any CPU.ActiveCfg = Release-Net451|Any CPU
		{339E53FF-ACDE-4E68-A862-B9E7F10E2DED}.Release-Net451|Any CPU.Build.0 = Release-Net451|Any CPU
		{339E53FF-ACDE-4E68-A862-B9E7F10E2DED}.Release-Net451|ARM.ActiveCfg = Release-Net451|Any CPU
		{339E53FF-ACDE-4E68-A862-B9E7F10E2DED}.Release-Net451|x64.ActiveCfg = Release-Net451|Any CPU
		{339E53FF-ACDE-4E68-A862-B9E7F10E2DED}.Release-Net451|x86.ActiveCfg = Release-Net451|Any CPU
		{97A528CC-56EB-4309-A29F-1D1715B768E6}.Debug|Any CPU.ActiveCfg = Debug|Any CPU
		{97A528CC-56EB-4309-A29F-1D1715B768E6}.Debug|Any CPU.Build.0 = Debug|Any CPU
		{97A528CC-56EB-4309-A29F-1D1715B768E6}.Debug|ARM.ActiveCfg = Debug|Any CPU
		{97A528CC-56EB-4309-A29F-1D1715B768E6}.Debug|x64.ActiveCfg = Debug|Any CPU
		{97A528CC-56EB-4309-A29F-1D1715B768E6}.Debug|x86.ActiveCfg = Debug|Any CPU
		{97A528CC-56EB-4309-A29F-1D1715B768E6}.Debug-Net451|Any CPU.ActiveCfg = Debug-Net451|Any CPU
		{97A528CC-56EB-4309-A29F-1D1715B768E6}.Debug-Net451|Any CPU.Build.0 = Debug-Net451|Any CPU
		{97A528CC-56EB-4309-A29F-1D1715B768E6}.Debug-Net451|ARM.ActiveCfg = Debug-Net451|Any CPU
		{97A528CC-56EB-4309-A29F-1D1715B768E6}.Debug-Net451|x64.ActiveCfg = Debug-Net451|Any CPU
		{97A528CC-56EB-4309-A29F-1D1715B768E6}.Debug-Net451|x86.ActiveCfg = Debug-Net451|Any CPU
		{97A528CC-56EB-4309-A29F-1D1715B768E6}.Release|Any CPU.ActiveCfg = Release|Any CPU
		{97A528CC-56EB-4309-A29F-1D1715B768E6}.Release|Any CPU.Build.0 = Release|Any CPU
		{97A528CC-56EB-4309-A29F-1D1715B768E6}.Release|ARM.ActiveCfg = Release|Any CPU
		{97A528CC-56EB-4309-A29F-1D1715B768E6}.Release|x64.ActiveCfg = Release|Any CPU
		{97A528CC-56EB-4309-A29F-1D1715B768E6}.Release|x86.ActiveCfg = Release|Any CPU
		{97A528CC-56EB-4309-A29F-1D1715B768E6}.Release-Net451|Any CPU.ActiveCfg = Release-Net451|Any CPU
		{97A528CC-56EB-4309-A29F-1D1715B768E6}.Release-Net451|Any CPU.Build.0 = Release-Net451|Any CPU
		{97A528CC-56EB-4309-A29F-1D1715B768E6}.Release-Net451|ARM.ActiveCfg = Release-Net451|Any CPU
		{97A528CC-56EB-4309-A29F-1D1715B768E6}.Release-Net451|x64.ActiveCfg = Release-Net451|Any CPU
		{97A528CC-56EB-4309-A29F-1D1715B768E6}.Release-Net451|x86.ActiveCfg = Release-Net451|Any CPU
		{50414CF7-122F-4A61-8154-62A21009CC07}.Debug|Any CPU.ActiveCfg = Debug|Any CPU
		{50414CF7-122F-4A61-8154-62A21009CC07}.Debug|Any CPU.Build.0 = Debug|Any CPU
		{50414CF7-122F-4A61-8154-62A21009CC07}.Debug|ARM.ActiveCfg = Debug|Any CPU
		{50414CF7-122F-4A61-8154-62A21009CC07}.Debug|x64.ActiveCfg = Debug|Any CPU
		{50414CF7-122F-4A61-8154-62A21009CC07}.Debug|x86.ActiveCfg = Debug|Any CPU
		{50414CF7-122F-4A61-8154-62A21009CC07}.Debug-Net451|Any CPU.ActiveCfg = Debug-Net451|Any CPU
		{50414CF7-122F-4A61-8154-62A21009CC07}.Debug-Net451|Any CPU.Build.0 = Debug-Net451|Any CPU
		{50414CF7-122F-4A61-8154-62A21009CC07}.Debug-Net451|ARM.ActiveCfg = Debug-Net451|Any CPU
		{50414CF7-122F-4A61-8154-62A21009CC07}.Debug-Net451|x64.ActiveCfg = Debug-Net451|Any CPU
		{50414CF7-122F-4A61-8154-62A21009CC07}.Debug-Net451|x86.ActiveCfg = Debug-Net451|Any CPU
		{50414CF7-122F-4A61-8154-62A21009CC07}.Release|Any CPU.ActiveCfg = Release|Any CPU
		{50414CF7-122F-4A61-8154-62A21009CC07}.Release|Any CPU.Build.0 = Release|Any CPU
		{50414CF7-122F-4A61-8154-62A21009CC07}.Release|ARM.ActiveCfg = Release|Any CPU
		{50414CF7-122F-4A61-8154-62A21009CC07}.Release|x64.ActiveCfg = Release|Any CPU
		{50414CF7-122F-4A61-8154-62A21009CC07}.Release|x86.ActiveCfg = Release|Any CPU
		{50414CF7-122F-4A61-8154-62A21009CC07}.Release-Net451|Any CPU.ActiveCfg = Release-Net451|Any CPU
		{50414CF7-122F-4A61-8154-62A21009CC07}.Release-Net451|Any CPU.Build.0 = Release-Net451|Any CPU
		{50414CF7-122F-4A61-8154-62A21009CC07}.Release-Net451|ARM.ActiveCfg = Release-Net451|Any CPU
		{50414CF7-122F-4A61-8154-62A21009CC07}.Release-Net451|x64.ActiveCfg = Release-Net451|Any CPU
		{50414CF7-122F-4A61-8154-62A21009CC07}.Release-Net451|x86.ActiveCfg = Release-Net451|Any CPU
		{1F42635B-5AD0-4A52-BC83-B505C1AEE532}.Debug|Any CPU.ActiveCfg = Debug|Any CPU
		{1F42635B-5AD0-4A52-BC83-B505C1AEE532}.Debug|Any CPU.Build.0 = Debug|Any CPU
		{1F42635B-5AD0-4A52-BC83-B505C1AEE532}.Debug|ARM.ActiveCfg = Debug|Any CPU
		{1F42635B-5AD0-4A52-BC83-B505C1AEE532}.Debug|x64.ActiveCfg = Debug|Any CPU
		{1F42635B-5AD0-4A52-BC83-B505C1AEE532}.Debug|x86.ActiveCfg = Debug|Any CPU
		{1F42635B-5AD0-4A52-BC83-B505C1AEE532}.Debug-Net451|Any CPU.ActiveCfg = Debug-Net451|Any CPU
		{1F42635B-5AD0-4A52-BC83-B505C1AEE532}.Debug-Net451|Any CPU.Build.0 = Debug-Net451|Any CPU
		{1F42635B-5AD0-4A52-BC83-B505C1AEE532}.Debug-Net451|ARM.ActiveCfg = Debug-Net451|Any CPU
		{1F42635B-5AD0-4A52-BC83-B505C1AEE532}.Debug-Net451|x64.ActiveCfg = Debug-Net451|Any CPU
		{1F42635B-5AD0-4A52-BC83-B505C1AEE532}.Debug-Net451|x86.ActiveCfg = Debug-Net451|Any CPU
		{1F42635B-5AD0-4A52-BC83-B505C1AEE532}.Release|Any CPU.ActiveCfg = Release|Any CPU
		{1F42635B-5AD0-4A52-BC83-B505C1AEE532}.Release|Any CPU.Build.0 = Release|Any CPU
		{1F42635B-5AD0-4A52-BC83-B505C1AEE532}.Release|ARM.ActiveCfg = Release|Any CPU
		{1F42635B-5AD0-4A52-BC83-B505C1AEE532}.Release|x64.ActiveCfg = Release|Any CPU
		{1F42635B-5AD0-4A52-BC83-B505C1AEE532}.Release|x86.ActiveCfg = Release|Any CPU
		{1F42635B-5AD0-4A52-BC83-B505C1AEE532}.Release-Net451|Any CPU.ActiveCfg = Release-Net451|Any CPU
		{1F42635B-5AD0-4A52-BC83-B505C1AEE532}.Release-Net451|Any CPU.Build.0 = Release-Net451|Any CPU
		{1F42635B-5AD0-4A52-BC83-B505C1AEE532}.Release-Net451|ARM.ActiveCfg = Release-Net451|Any CPU
		{1F42635B-5AD0-4A52-BC83-B505C1AEE532}.Release-Net451|x64.ActiveCfg = Release-Net451|Any CPU
		{1F42635B-5AD0-4A52-BC83-B505C1AEE532}.Release-Net451|x86.ActiveCfg = Release-Net451|Any CPU
		{D485758D-7F39-496F-96AE-CF89A158FDD5}.Debug|Any CPU.ActiveCfg = Debug|Any CPU
		{D485758D-7F39-496F-96AE-CF89A158FDD5}.Debug|Any CPU.Build.0 = Debug|Any CPU
		{D485758D-7F39-496F-96AE-CF89A158FDD5}.Debug|ARM.ActiveCfg = Debug|Any CPU
		{D485758D-7F39-496F-96AE-CF89A158FDD5}.Debug|x64.ActiveCfg = Debug|Any CPU
		{D485758D-7F39-496F-96AE-CF89A158FDD5}.Debug|x86.ActiveCfg = Debug|Any CPU
		{D485758D-7F39-496F-96AE-CF89A158FDD5}.Debug-Net451|Any CPU.ActiveCfg = Debug-Net451|Any CPU
		{D485758D-7F39-496F-96AE-CF89A158FDD5}.Debug-Net451|Any CPU.Build.0 = Debug-Net451|Any CPU
		{D485758D-7F39-496F-96AE-CF89A158FDD5}.Debug-Net451|ARM.ActiveCfg = Debug-Net451|Any CPU
		{D485758D-7F39-496F-96AE-CF89A158FDD5}.Debug-Net451|x64.ActiveCfg = Debug-Net451|Any CPU
		{D485758D-7F39-496F-96AE-CF89A158FDD5}.Debug-Net451|x86.ActiveCfg = Debug-Net451|Any CPU
		{D485758D-7F39-496F-96AE-CF89A158FDD5}.Release|Any CPU.ActiveCfg = Release|Any CPU
		{D485758D-7F39-496F-96AE-CF89A158FDD5}.Release|Any CPU.Build.0 = Release|Any CPU
		{D485758D-7F39-496F-96AE-CF89A158FDD5}.Release|ARM.ActiveCfg = Release|Any CPU
		{D485758D-7F39-496F-96AE-CF89A158FDD5}.Release|x64.ActiveCfg = Release|Any CPU
		{D485758D-7F39-496F-96AE-CF89A158FDD5}.Release|x86.ActiveCfg = Release|Any CPU
		{D485758D-7F39-496F-96AE-CF89A158FDD5}.Release-Net451|Any CPU.ActiveCfg = Release-Net451|Any CPU
		{D485758D-7F39-496F-96AE-CF89A158FDD5}.Release-Net451|Any CPU.Build.0 = Release-Net451|Any CPU
		{D485758D-7F39-496F-96AE-CF89A158FDD5}.Release-Net451|ARM.ActiveCfg = Release-Net451|Any CPU
		{D485758D-7F39-496F-96AE-CF89A158FDD5}.Release-Net451|x64.ActiveCfg = Release-Net451|Any CPU
		{D485758D-7F39-496F-96AE-CF89A158FDD5}.Release-Net451|x86.ActiveCfg = Release-Net451|Any CPU
		{C26421E6-2236-4453-BA5F-249C8E7C2CA9}.Debug|Any CPU.ActiveCfg = Debug|Any CPU
		{C26421E6-2236-4453-BA5F-249C8E7C2CA9}.Debug|Any CPU.Build.0 = Debug|Any CPU
		{C26421E6-2236-4453-BA5F-249C8E7C2CA9}.Debug|ARM.ActiveCfg = Debug|Any CPU
		{C26421E6-2236-4453-BA5F-249C8E7C2CA9}.Debug|x64.ActiveCfg = Debug|Any CPU
		{C26421E6-2236-4453-BA5F-249C8E7C2CA9}.Debug|x86.ActiveCfg = Debug|Any CPU
		{C26421E6-2236-4453-BA5F-249C8E7C2CA9}.Debug-Net451|Any CPU.ActiveCfg = Debug-Net451|Any CPU
		{C26421E6-2236-4453-BA5F-249C8E7C2CA9}.Debug-Net451|Any CPU.Build.0 = Debug-Net451|Any CPU
		{C26421E6-2236-4453-BA5F-249C8E7C2CA9}.Debug-Net451|ARM.ActiveCfg = Debug-Net451|Any CPU
		{C26421E6-2236-4453-BA5F-249C8E7C2CA9}.Debug-Net451|x64.ActiveCfg = Debug-Net451|Any CPU
		{C26421E6-2236-4453-BA5F-249C8E7C2CA9}.Debug-Net451|x86.ActiveCfg = Debug-Net451|Any CPU
		{C26421E6-2236-4453-BA5F-249C8E7C2CA9}.Release|Any CPU.ActiveCfg = Release|Any CPU
		{C26421E6-2236-4453-BA5F-249C8E7C2CA9}.Release|Any CPU.Build.0 = Release|Any CPU
		{C26421E6-2236-4453-BA5F-249C8E7C2CA9}.Release|ARM.ActiveCfg = Release|Any CPU
		{C26421E6-2236-4453-BA5F-249C8E7C2CA9}.Release|x64.ActiveCfg = Release|Any CPU
		{C26421E6-2236-4453-BA5F-249C8E7C2CA9}.Release|x86.ActiveCfg = Release|Any CPU
		{C26421E6-2236-4453-BA5F-249C8E7C2CA9}.Release-Net451|Any CPU.ActiveCfg = Release-Net451|Any CPU
		{C26421E6-2236-4453-BA5F-249C8E7C2CA9}.Release-Net451|Any CPU.Build.0 = Release-Net451|Any CPU
		{C26421E6-2236-4453-BA5F-249C8E7C2CA9}.Release-Net451|ARM.ActiveCfg = Release-Net451|Any CPU
		{C26421E6-2236-4453-BA5F-249C8E7C2CA9}.Release-Net451|x64.ActiveCfg = Release-Net451|Any CPU
		{C26421E6-2236-4453-BA5F-249C8E7C2CA9}.Release-Net451|x86.ActiveCfg = Release-Net451|Any CPU
	EndGlobalSection
	GlobalSection(SolutionProperties) = preSolution
		HideSolutionNode = FALSE
	EndGlobalSection
	GlobalSection(NestedProjects) = preSolution
		{019AB4EA-278E-4B78-B849-1B6AAB9D5E92} = {9FEF4DB5-3C5C-4812-BB54-CE35DA76C6EF}
		{92B1A1F0-6FD6-411A-BD00-0CDEFB829782} = {FE009D4F-410D-4618-87F5-69402EBE3CCC}
		{B4E800E8-F352-448D-86FE-FA467BD9E7A6} = {FE009D4F-410D-4618-87F5-69402EBE3CCC}
		{FE4C8D80-C8B9-45B4-9CE3-BB94280BC223} = {9FEF4DB5-3C5C-4812-BB54-CE35DA76C6EF}
		{77A638DE-2F2A-46AD-B396-F4EF2C1579B0} = {FE009D4F-410D-4618-87F5-69402EBE3CCC}
		{B374A4D9-5C51-4DC3-A14A-D7686BB484F0} = {9FEF4DB5-3C5C-4812-BB54-CE35DA76C6EF}
		{F0D7C5EB-0313-4FA8-A7B0-D517731E12B0} = {9FEF4DB5-3C5C-4812-BB54-CE35DA76C6EF}
		{339E53FF-ACDE-4E68-A862-B9E7F10E2DED} = {FE009D4F-410D-4618-87F5-69402EBE3CCC}
		{97A528CC-56EB-4309-A29F-1D1715B768E6} = {37F1741B-DFBA-4462-A89C-FD53525EC5E7}
		{50414CF7-122F-4A61-8154-62A21009CC07} = {37F1741B-DFBA-4462-A89C-FD53525EC5E7}
		{1F42635B-5AD0-4A52-BC83-B505C1AEE532} = {AD54A43C-15F4-464E-987B-C88AEBF1C121}
		{D485758D-7F39-496F-96AE-CF89A158FDD5} = {AD54A43C-15F4-464E-987B-C88AEBF1C121}
		{C26421E6-2236-4453-BA5F-249C8E7C2CA9} = {AD54A43C-15F4-464E-987B-C88AEBF1C121}
	EndGlobalSection
EndGlobal
